// !$*UTF8*$!
{
	archiveVersion = 1;
	classes = {
	};
	objectVersion = 46;
	objects = {

/* Begin PBXBuildFile section */
		1D3623260D0F684500981E51 /* VDM_iPhoneAppDelegate.m in Sources */ = {isa = PBXBuildFile; fileRef = 1D3623250D0F684500981E51 /* VDM_iPhoneAppDelegate.m */; };
		1D60589B0D05DD56006BFB54 /* main.m in Sources */ = {isa = PBXBuildFile; fileRef = 29B97316FDCFA39411CA2CEA /* main.m */; };
		1D60589F0D05DD5A006BFB54 /* Foundation.framework in Frameworks */ = {isa = PBXBuildFile; fileRef = 1D30AB110D05D00D00671497 /* Foundation.framework */; };
		1DF5F4E00D08C38300B7A737 /* UIKit.framework in Frameworks */ = {isa = PBXBuildFile; fileRef = 1DF5F4DF0D08C38300B7A737 /* UIKit.framework */; };
		288765080DF74369002DB57D /* CoreGraphics.framework in Frameworks */ = {isa = PBXBuildFile; fileRef = 288765070DF74369002DB57D /* CoreGraphics.framework */; };
		665EEAD413ADA3C1006490A3 /* Default.png in Resources */ = {isa = PBXBuildFile; fileRef = 665EEAD313ADA3C1006490A3 /* Default.png */; };
		665EEAE213AE3177006490A3 /* VDMEntryCell.xib in Resources */ = {isa = PBXBuildFile; fileRef = 665EEAE113AE3177006490A3 /* VDMEntryCell.xib */; };
		665EEAE513AE318A006490A3 /* VDMEntryCell.m in Sources */ = {isa = PBXBuildFile; fileRef = 665EEAE413AE318A006490A3 /* VDMEntryCell.m */; };
		665EEB5B13AE4537006490A3 /* VDMEntry.m in Sources */ = {isa = PBXBuildFile; fileRef = 665EEB5A13AE4537006490A3 /* VDMEntry.m */; };
		665EEB8B13AE4A38006490A3 /* ASIAuthenticationDialog.m in Sources */ = {isa = PBXBuildFile; fileRef = 665EEB7613AE4A38006490A3 /* ASIAuthenticationDialog.m */; };
		665EEB8C13AE4A38006490A3 /* ASIDataCompressor.m in Sources */ = {isa = PBXBuildFile; fileRef = 665EEB7913AE4A38006490A3 /* ASIDataCompressor.m */; };
		665EEB8D13AE4A38006490A3 /* ASIDataDecompressor.m in Sources */ = {isa = PBXBuildFile; fileRef = 665EEB7B13AE4A38006490A3 /* ASIDataDecompressor.m */; };
		665EEB8E13AE4A38006490A3 /* ASIDownloadCache.m in Sources */ = {isa = PBXBuildFile; fileRef = 665EEB7D13AE4A38006490A3 /* ASIDownloadCache.m */; };
		665EEB8F13AE4A38006490A3 /* ASIFormDataRequest.m in Sources */ = {isa = PBXBuildFile; fileRef = 665EEB7F13AE4A38006490A3 /* ASIFormDataRequest.m */; };
		665EEB9013AE4A38006490A3 /* ASIHTTPRequest.m in Sources */ = {isa = PBXBuildFile; fileRef = 665EEB8113AE4A38006490A3 /* ASIHTTPRequest.m */; };
		665EEB9113AE4A38006490A3 /* ASIInputStream.m in Sources */ = {isa = PBXBuildFile; fileRef = 665EEB8513AE4A38006490A3 /* ASIInputStream.m */; };
		665EEB9213AE4A38006490A3 /* ASINetworkQueue.m in Sources */ = {isa = PBXBuildFile; fileRef = 665EEB8713AE4A38006490A3 /* ASINetworkQueue.m */; };
		665EEB9313AE4A38006490A3 /* Reachability.m in Sources */ = {isa = PBXBuildFile; fileRef = 665EEB8A13AE4A38006490A3 /* Reachability.m */; };
		665EEBE513AE5E2F006490A3 /* NSString+HTML.m in Sources */ = {isa = PBXBuildFile; fileRef = 665EEBE413AE5E2F006490A3 /* NSString+HTML.m */; };
		665EEBF113AE5E4F006490A3 /* GTMNSString+HTML.m in Sources */ = {isa = PBXBuildFile; fileRef = 665EEBEF13AE5E4F006490A3 /* GTMNSString+HTML.m */; };
		6660A38A13ACEC5E00C05640 /* MainWindow.xib in Resources */ = {isa = PBXBuildFile; fileRef = 6660A38713ACEC5E00C05640 /* MainWindow.xib */; };
		6660A41113ACF0EC00C05640 /* NSDataAdditions.m in Sources */ = {isa = PBXBuildFile; fileRef = 6660A3E013ACF0EC00C05640 /* NSDataAdditions.m */; };
		6660A41213ACF0EC00C05640 /* TBXML.m in Sources */ = {isa = PBXBuildFile; fileRef = 6660A3E213ACF0EC00C05640 /* TBXML.m */; };
		6660A41313ACF0EC00C05640 /* TBXMLEx.m in Sources */ = {isa = PBXBuildFile; fileRef = 6660A3E413ACF0EC00C05640 /* TBXMLEx.m */; };
		6660A43013ACF1B800C05640 /* CFNetwork.framework in Frameworks */ = {isa = PBXBuildFile; fileRef = 6660A42F13ACF1B800C05640 /* CFNetwork.framework */; };
		6660A43913ACF21F00C05640 /* libz.dylib in Frameworks */ = {isa = PBXBuildFile; fileRef = 6660A43813ACF21F00C05640 /* libz.dylib */; };
		6660A43D13ACF24C00C05640 /* MobileCoreServices.framework in Frameworks */ = {isa = PBXBuildFile; fileRef = 6660A43C13ACF24C00C05640 /* MobileCoreServices.framework */; };
		6660A43F13ACF24C00C05640 /* SystemConfiguration.framework in Frameworks */ = {isa = PBXBuildFile; fileRef = 6660A43E13ACF24C00C05640 /* SystemConfiguration.framework */; };
		6660A44F13ACF78400C05640 /* libGoogleAnalytics.a in Frameworks */ = {isa = PBXBuildFile; fileRef = 6660A44E13ACF78400C05640 /* libGoogleAnalytics.a */; };
		6660A45913ACF79500C05640 /* GATracker.m in Sources */ = {isa = PBXBuildFile; fileRef = 6660A45113ACF79500C05640 /* GATracker.m */; };
		6660A45E13ACF91200C05640 /* VDMUtils.m in Sources */ = {isa = PBXBuildFile; fileRef = 6660A45D13ACF91200C05640 /* VDMUtils.m */; };
		6660A47F13AD63EA00C05640 /* VDMController.m in Sources */ = {isa = PBXBuildFile; fileRef = 6660A47D13AD63EA00C05640 /* VDMController.m */; };
		6660A48213AD642B00C05640 /* VDMController.xib in Resources */ = {isa = PBXBuildFile; fileRef = 6660A48113AD642B00C05640 /* VDMController.xib */; };
		6660A4A713AD801900C05640 /* libsqlite3.dylib in Frameworks */ = {isa = PBXBuildFile; fileRef = 6660A4A613AD801900C05640 /* libsqlite3.dylib */; };
		66F48FBC13B3806F0044AEC8 /* VDMEntryXMLParser.m in Sources */ = {isa = PBXBuildFile; fileRef = 66F48FBB13B3806F0044AEC8 /* VDMEntryXMLParser.m */; };
/* End PBXBuildFile section */

/* Begin PBXFileReference section */
		1D30AB110D05D00D00671497 /* Foundation.framework */ = {isa = PBXFileReference; lastKnownFileType = wrapper.framework; name = Foundation.framework; path = System/Library/Frameworks/Foundation.framework; sourceTree = SDKROOT; };
		1D3623240D0F684500981E51 /* VDM_iPhoneAppDelegate.h */ = {isa = PBXFileReference; fileEncoding = 4; lastKnownFileType = sourcecode.c.h; path = VDM_iPhoneAppDelegate.h; sourceTree = "<group>"; };
		1D3623250D0F684500981E51 /* VDM_iPhoneAppDelegate.m */ = {isa = PBXFileReference; fileEncoding = 4; lastKnownFileType = sourcecode.c.objc; path = VDM_iPhoneAppDelegate.m; sourceTree = "<group>"; };
		1D6058910D05DD3D006BFB54 /* VDM-iPhone.app */ = {isa = PBXFileReference; explicitFileType = wrapper.application; includeInIndex = 0; path = "VDM-iPhone.app"; sourceTree = BUILT_PRODUCTS_DIR; };
		1DF5F4DF0D08C38300B7A737 /* UIKit.framework */ = {isa = PBXFileReference; lastKnownFileType = wrapper.framework; name = UIKit.framework; path = System/Library/Frameworks/UIKit.framework; sourceTree = SDKROOT; };
		288765070DF74369002DB57D /* CoreGraphics.framework */ = {isa = PBXFileReference; lastKnownFileType = wrapper.framework; name = CoreGraphics.framework; path = System/Library/Frameworks/CoreGraphics.framework; sourceTree = SDKROOT; };
		28A0AB4B0D9B1048005BE974 /* VDM_iPhone_Prefix.pch */ = {isa = PBXFileReference; fileEncoding = 4; lastKnownFileType = sourcecode.c.h; path = VDM_iPhone_Prefix.pch; sourceTree = "<group>"; };
		29B97316FDCFA39411CA2CEA /* main.m */ = {isa = PBXFileReference; fileEncoding = 4; lastKnownFileType = sourcecode.c.objc; path = main.m; sourceTree = "<group>"; };
		665EEAD313ADA3C1006490A3 /* Default.png */ = {isa = PBXFileReference; lastKnownFileType = image.png; path = Default.png; sourceTree = "<group>"; };
		665EEAE113AE3177006490A3 /* VDMEntryCell.xib */ = {isa = PBXFileReference; lastKnownFileType = file.xib; path = VDMEntryCell.xib; sourceTree = "<group>"; };
		665EEAE313AE318A006490A3 /* VDMEntryCell.h */ = {isa = PBXFileReference; fileEncoding = 4; lastKnownFileType = sourcecode.c.h; path = VDMEntryCell.h; sourceTree = "<group>"; };
		665EEAE413AE318A006490A3 /* VDMEntryCell.m */ = {isa = PBXFileReference; fileEncoding = 4; lastKnownFileType = sourcecode.c.objc; path = VDMEntryCell.m; sourceTree = "<group>"; };
		665EEB5913AE4537006490A3 /* VDMEntry.h */ = {isa = PBXFileReference; fileEncoding = 4; lastKnownFileType = sourcecode.c.h; path = VDMEntry.h; sourceTree = "<group>"; };
		665EEB5A13AE4537006490A3 /* VDMEntry.m */ = {isa = PBXFileReference; fileEncoding = 4; lastKnownFileType = sourcecode.c.objc; path = VDMEntry.m; sourceTree = "<group>"; };
		665EEB7513AE4A38006490A3 /* ASIAuthenticationDialog.h */ = {isa = PBXFileReference; fileEncoding = 4; lastKnownFileType = sourcecode.c.h; path = ASIAuthenticationDialog.h; sourceTree = "<group>"; };
		665EEB7613AE4A38006490A3 /* ASIAuthenticationDialog.m */ = {isa = PBXFileReference; fileEncoding = 4; lastKnownFileType = sourcecode.c.objc; path = ASIAuthenticationDialog.m; sourceTree = "<group>"; };
		665EEB7713AE4A38006490A3 /* ASICacheDelegate.h */ = {isa = PBXFileReference; fileEncoding = 4; lastKnownFileType = sourcecode.c.h; path = ASICacheDelegate.h; sourceTree = "<group>"; };
		665EEB7813AE4A38006490A3 /* ASIDataCompressor.h */ = {isa = PBXFileReference; fileEncoding = 4; lastKnownFileType = sourcecode.c.h; path = ASIDataCompressor.h; sourceTree = "<group>"; };
		665EEB7913AE4A38006490A3 /* ASIDataCompressor.m */ = {isa = PBXFileReference; fileEncoding = 4; lastKnownFileType = sourcecode.c.objc; path = ASIDataCompressor.m; sourceTree = "<group>"; };
		665EEB7A13AE4A38006490A3 /* ASIDataDecompressor.h */ = {isa = PBXFileReference; fileEncoding = 4; lastKnownFileType = sourcecode.c.h; path = ASIDataDecompressor.h; sourceTree = "<group>"; };
		665EEB7B13AE4A38006490A3 /* ASIDataDecompressor.m */ = {isa = PBXFileReference; fileEncoding = 4; lastKnownFileType = sourcecode.c.objc; path = ASIDataDecompressor.m; sourceTree = "<group>"; };
		665EEB7C13AE4A38006490A3 /* ASIDownloadCache.h */ = {isa = PBXFileReference; fileEncoding = 4; lastKnownFileType = sourcecode.c.h; path = ASIDownloadCache.h; sourceTree = "<group>"; };
		665EEB7D13AE4A38006490A3 /* ASIDownloadCache.m */ = {isa = PBXFileReference; fileEncoding = 4; lastKnownFileType = sourcecode.c.objc; path = ASIDownloadCache.m; sourceTree = "<group>"; };
		665EEB7E13AE4A38006490A3 /* ASIFormDataRequest.h */ = {isa = PBXFileReference; fileEncoding = 4; lastKnownFileType = sourcecode.c.h; path = ASIFormDataRequest.h; sourceTree = "<group>"; };
		665EEB7F13AE4A38006490A3 /* ASIFormDataRequest.m */ = {isa = PBXFileReference; fileEncoding = 4; lastKnownFileType = sourcecode.c.objc; path = ASIFormDataRequest.m; sourceTree = "<group>"; };
		665EEB8013AE4A38006490A3 /* ASIHTTPRequest.h */ = {isa = PBXFileReference; fileEncoding = 4; lastKnownFileType = sourcecode.c.h; path = ASIHTTPRequest.h; sourceTree = "<group>"; };
		665EEB8113AE4A38006490A3 /* ASIHTTPRequest.m */ = {isa = PBXFileReference; fileEncoding = 4; lastKnownFileType = sourcecode.c.objc; path = ASIHTTPRequest.m; sourceTree = "<group>"; };
		665EEB8213AE4A38006490A3 /* ASIHTTPRequestConfig.h */ = {isa = PBXFileReference; fileEncoding = 4; lastKnownFileType = sourcecode.c.h; path = ASIHTTPRequestConfig.h; sourceTree = "<group>"; };
		665EEB8313AE4A38006490A3 /* ASIHTTPRequestDelegate.h */ = {isa = PBXFileReference; fileEncoding = 4; lastKnownFileType = sourcecode.c.h; path = ASIHTTPRequestDelegate.h; sourceTree = "<group>"; };
		665EEB8413AE4A38006490A3 /* ASIInputStream.h */ = {isa = PBXFileReference; fileEncoding = 4; lastKnownFileType = sourcecode.c.h; path = ASIInputStream.h; sourceTree = "<group>"; };
		665EEB8513AE4A38006490A3 /* ASIInputStream.m */ = {isa = PBXFileReference; fileEncoding = 4; lastKnownFileType = sourcecode.c.objc; path = ASIInputStream.m; sourceTree = "<group>"; };
		665EEB8613AE4A38006490A3 /* ASINetworkQueue.h */ = {isa = PBXFileReference; fileEncoding = 4; lastKnownFileType = sourcecode.c.h; path = ASINetworkQueue.h; sourceTree = "<group>"; };
		665EEB8713AE4A38006490A3 /* ASINetworkQueue.m */ = {isa = PBXFileReference; fileEncoding = 4; lastKnownFileType = sourcecode.c.objc; path = ASINetworkQueue.m; sourceTree = "<group>"; };
		665EEB8813AE4A38006490A3 /* ASIProgressDelegate.h */ = {isa = PBXFileReference; fileEncoding = 4; lastKnownFileType = sourcecode.c.h; path = ASIProgressDelegate.h; sourceTree = "<group>"; };
		665EEB8913AE4A38006490A3 /* Reachability.h */ = {isa = PBXFileReference; fileEncoding = 4; lastKnownFileType = sourcecode.c.h; path = Reachability.h; sourceTree = "<group>"; };
		665EEB8A13AE4A38006490A3 /* Reachability.m */ = {isa = PBXFileReference; fileEncoding = 4; lastKnownFileType = sourcecode.c.objc; path = Reachability.m; sourceTree = "<group>"; };
		665EEBE313AE5E2F006490A3 /* NSString+HTML.h */ = {isa = PBXFileReference; fileEncoding = 4; lastKnownFileType = sourcecode.c.h; path = "NSString+HTML.h"; sourceTree = "<group>"; };
		665EEBE413AE5E2F006490A3 /* NSString+HTML.m */ = {isa = PBXFileReference; fileEncoding = 4; lastKnownFileType = sourcecode.c.objc; path = "NSString+HTML.m"; sourceTree = "<group>"; };
		665EEBEE13AE5E4F006490A3 /* GTMNSString+HTML.h */ = {isa = PBXFileReference; fileEncoding = 4; lastKnownFileType = sourcecode.c.h; path = "GTMNSString+HTML.h"; sourceTree = "<group>"; };
		665EEBEF13AE5E4F006490A3 /* GTMNSString+HTML.m */ = {isa = PBXFileReference; fileEncoding = 4; lastKnownFileType = sourcecode.c.objc; path = "GTMNSString+HTML.m"; sourceTree = "<group>"; };
		665EEBF013AE5E4F006490A3 /* GTMDefines.h */ = {isa = PBXFileReference; fileEncoding = 4; lastKnownFileType = sourcecode.c.h; path = GTMDefines.h; sourceTree = "<group>"; };
		6660A38713ACEC5E00C05640 /* MainWindow.xib */ = {isa = PBXFileReference; lastKnownFileType = file.xib; path = MainWindow.xib; sourceTree = "<group>"; };
		6660A3DF13ACF0EC00C05640 /* NSDataAdditions.h */ = {isa = PBXFileReference; fileEncoding = 4; lastKnownFileType = sourcecode.c.h; path = NSDataAdditions.h; sourceTree = "<group>"; };
		6660A3E013ACF0EC00C05640 /* NSDataAdditions.m */ = {isa = PBXFileReference; fileEncoding = 4; lastKnownFileType = sourcecode.c.objc; path = NSDataAdditions.m; sourceTree = "<group>"; };
		6660A3E113ACF0EC00C05640 /* TBXML.h */ = {isa = PBXFileReference; fileEncoding = 4; lastKnownFileType = sourcecode.c.h; path = TBXML.h; sourceTree = "<group>"; };
		6660A3E213ACF0EC00C05640 /* TBXML.m */ = {isa = PBXFileReference; fileEncoding = 4; lastKnownFileType = sourcecode.c.objc; path = TBXML.m; sourceTree = "<group>"; };
		6660A3E313ACF0EC00C05640 /* TBXMLEx.h */ = {isa = PBXFileReference; fileEncoding = 4; lastKnownFileType = sourcecode.c.h; path = TBXMLEx.h; sourceTree = "<group>"; };
		6660A3E413ACF0EC00C05640 /* TBXMLEx.m */ = {isa = PBXFileReference; fileEncoding = 4; lastKnownFileType = sourcecode.c.objc; path = TBXMLEx.m; sourceTree = "<group>"; };
		6660A42F13ACF1B800C05640 /* CFNetwork.framework */ = {isa = PBXFileReference; lastKnownFileType = wrapper.framework; name = CFNetwork.framework; path = System/Library/Frameworks/CFNetwork.framework; sourceTree = SDKROOT; };
		6660A43813ACF21F00C05640 /* libz.dylib */ = {isa = PBXFileReference; lastKnownFileType = "compiled.mach-o.dylib"; name = libz.dylib; path = usr/lib/libz.dylib; sourceTree = SDKROOT; };
		6660A43C13ACF24C00C05640 /* MobileCoreServices.framework */ = {isa = PBXFileReference; lastKnownFileType = wrapper.framework; name = MobileCoreServices.framework; path = System/Library/Frameworks/MobileCoreServices.framework; sourceTree = SDKROOT; };
		6660A43E13ACF24C00C05640 /* SystemConfiguration.framework */ = {isa = PBXFileReference; lastKnownFileType = wrapper.framework; name = SystemConfiguration.framework; path = System/Library/Frameworks/SystemConfiguration.framework; sourceTree = SDKROOT; };
		6660A44D13ACF78400C05640 /* GANTracker.h */ = {isa = PBXFileReference; fileEncoding = 4; lastKnownFileType = sourcecode.c.h; path = GANTracker.h; sourceTree = "<group>"; };
		6660A44E13ACF78400C05640 /* libGoogleAnalytics.a */ = {isa = PBXFileReference; lastKnownFileType = archive.ar; path = libGoogleAnalytics.a; sourceTree = "<group>"; };
		6660A45013ACF79500C05640 /* GATracker.h */ = {isa = PBXFileReference; fileEncoding = 4; lastKnownFileType = sourcecode.c.h; path = GATracker.h; sourceTree = "<group>"; };
		6660A45113ACF79500C05640 /* GATracker.m */ = {isa = PBXFileReference; fileEncoding = 4; lastKnownFileType = sourcecode.c.objc; path = GATracker.m; sourceTree = "<group>"; };
		6660A45713ACF79500C05640 /* VDMConstants.h */ = {isa = PBXFileReference; fileEncoding = 4; lastKnownFileType = sourcecode.c.h; path = VDMConstants.h; sourceTree = "<group>"; };
		6660A45813ACF79500C05640 /* XMLParser.h */ = {isa = PBXFileReference; fileEncoding = 4; lastKnownFileType = sourcecode.c.h; path = XMLParser.h; sourceTree = "<group>"; };
		6660A45C13ACF91200C05640 /* VDMUtils.h */ = {isa = PBXFileReference; fileEncoding = 4; lastKnownFileType = sourcecode.c.h; path = VDMUtils.h; sourceTree = "<group>"; };
		6660A45D13ACF91200C05640 /* VDMUtils.m */ = {isa = PBXFileReference; fileEncoding = 4; lastKnownFileType = sourcecode.c.objc; path = VDMUtils.m; sourceTree = "<group>"; };
		6660A47C13AD63EA00C05640 /* VDMController.h */ = {isa = PBXFileReference; fileEncoding = 4; lastKnownFileType = sourcecode.c.h; path = VDMController.h; sourceTree = "<group>"; };
		6660A47D13AD63EA00C05640 /* VDMController.m */ = {isa = PBXFileReference; fileEncoding = 4; lastKnownFileType = sourcecode.c.objc; path = VDMController.m; sourceTree = "<group>"; };
		6660A48113AD642B00C05640 /* VDMController.xib */ = {isa = PBXFileReference; lastKnownFileType = file.xib; path = VDMController.xib; sourceTree = "<group>"; };
		6660A4A613AD801900C05640 /* libsqlite3.dylib */ = {isa = PBXFileReference; lastKnownFileType = "compiled.mach-o.dylib"; name = libsqlite3.dylib; path = usr/lib/libsqlite3.dylib; sourceTree = SDKROOT; };
		66F48FBA13B3806F0044AEC8 /* VDMEntryXMLParser.h */ = {isa = PBXFileReference; fileEncoding = 4; lastKnownFileType = sourcecode.c.h; path = VDMEntryXMLParser.h; sourceTree = "<group>"; };
		66F48FBB13B3806F0044AEC8 /* VDMEntryXMLParser.m */ = {isa = PBXFileReference; fileEncoding = 4; lastKnownFileType = sourcecode.c.objc; path = VDMEntryXMLParser.m; sourceTree = "<group>"; };
		8D1107310486CEB800E47090 /* VDM_iPhone-Info.plist */ = {isa = PBXFileReference; fileEncoding = 4; lastKnownFileType = text.plist.xml; path = "VDM_iPhone-Info.plist"; plistStructureDefinitionIdentifier = "com.apple.xcode.plist.structure-definition.iphone.info-plist"; sourceTree = "<group>"; };
/* End PBXFileReference section */

/* Begin PBXFrameworksBuildPhase section */
		1D60588F0D05DD3D006BFB54 /* Frameworks */ = {
			isa = PBXFrameworksBuildPhase;
			buildActionMask = 2147483647;
			files = (
				1D60589F0D05DD5A006BFB54 /* Foundation.framework in Frameworks */,
				1DF5F4E00D08C38300B7A737 /* UIKit.framework in Frameworks */,
				288765080DF74369002DB57D /* CoreGraphics.framework in Frameworks */,
				6660A43013ACF1B800C05640 /* CFNetwork.framework in Frameworks */,
				6660A43913ACF21F00C05640 /* libz.dylib in Frameworks */,
				6660A43D13ACF24C00C05640 /* MobileCoreServices.framework in Frameworks */,
				6660A43F13ACF24C00C05640 /* SystemConfiguration.framework in Frameworks */,
				6660A44F13ACF78400C05640 /* libGoogleAnalytics.a in Frameworks */,
				6660A4A713AD801900C05640 /* libsqlite3.dylib in Frameworks */,
			);
			runOnlyForDeploymentPostprocessing = 0;
		};
/* End PBXFrameworksBuildPhase section */

/* Begin PBXGroup section */
		080E96DDFE201D6D7F000001 /* Classes */ = {
			isa = PBXGroup;
			children = (
				6660A3A213ACF0EC00C05640 /* Libraries */,
				6660A38C13ACEC6C00C05640 /* Controllers */,
				6660A38F13ACEC6C00C05640 /* Helpers */,
				6660A39013ACEC6C00C05640 /* Model */,
				6660A39113ACEC6C00C05640 /* Views */,
				1D3623240D0F684500981E51 /* VDM_iPhoneAppDelegate.h */,
				1D3623250D0F684500981E51 /* VDM_iPhoneAppDelegate.m */,
			);
			path = Classes;
			sourceTree = "<group>";
		};
		19C28FACFE9D520D11CA2CBB /* Products */ = {
			isa = PBXGroup;
			children = (
				1D6058910D05DD3D006BFB54 /* VDM-iPhone.app */,
			);
			name = Products;
			sourceTree = "<group>";
		};
		29B97314FDCFA39411CA2CEA /* VDM-iPhone */ = {
			isa = PBXGroup;
			children = (
				080E96DDFE201D6D7F000001 /* Classes */,
				29B97315FDCFA39411CA2CEA /* Other Sources */,
				29B97317FDCFA39411CA2CEA /* Resources */,
				29B97323FDCFA39411CA2CEA /* Frameworks */,
				19C28FACFE9D520D11CA2CBB /* Products */,
			);
			name = "VDM-iPhone";
			sourceTree = "<group>";
		};
		29B97315FDCFA39411CA2CEA /* Other Sources */ = {
			isa = PBXGroup;
			children = (
				28A0AB4B0D9B1048005BE974 /* VDM_iPhone_Prefix.pch */,
				29B97316FDCFA39411CA2CEA /* main.m */,
			);
			name = "Other Sources";
			sourceTree = "<group>";
		};
		29B97317FDCFA39411CA2CEA /* Resources */ = {
			isa = PBXGroup;
			children = (
				6660A38413ACEC5E00C05640 /* images */,
				6660A38513ACEC5E00C05640 /* xib */,
				8D1107310486CEB800E47090 /* VDM_iPhone-Info.plist */,
			);
			name = Resources;
			sourceTree = "<group>";
		};
		29B97323FDCFA39411CA2CEA /* Frameworks */ = {
			isa = PBXGroup;
			children = (
				1DF5F4DF0D08C38300B7A737 /* UIKit.framework */,
				1D30AB110D05D00D00671497 /* Foundation.framework */,
				288765070DF74369002DB57D /* CoreGraphics.framework */,
				6660A42F13ACF1B800C05640 /* CFNetwork.framework */,
				6660A43813ACF21F00C05640 /* libz.dylib */,
				6660A43C13ACF24C00C05640 /* MobileCoreServices.framework */,
				6660A43E13ACF24C00C05640 /* SystemConfiguration.framework */,
				6660A4A613AD801900C05640 /* libsqlite3.dylib */,
			);
			name = Frameworks;
			sourceTree = "<group>";
		};
		665EEB7413AE4A38006490A3 /* ASIHttpRequest */ = {
			isa = PBXGroup;
			children = (
				665EEB7513AE4A38006490A3 /* ASIAuthenticationDialog.h */,
				665EEB7613AE4A38006490A3 /* ASIAuthenticationDialog.m */,
				665EEB7713AE4A38006490A3 /* ASICacheDelegate.h */,
				665EEB7813AE4A38006490A3 /* ASIDataCompressor.h */,
				665EEB7913AE4A38006490A3 /* ASIDataCompressor.m */,
				665EEB7A13AE4A38006490A3 /* ASIDataDecompressor.h */,
				665EEB7B13AE4A38006490A3 /* ASIDataDecompressor.m */,
				665EEB7C13AE4A38006490A3 /* ASIDownloadCache.h */,
				665EEB7D13AE4A38006490A3 /* ASIDownloadCache.m */,
				665EEB7E13AE4A38006490A3 /* ASIFormDataRequest.h */,
				665EEB7F13AE4A38006490A3 /* ASIFormDataRequest.m */,
				665EEB8013AE4A38006490A3 /* ASIHTTPRequest.h */,
				665EEB8113AE4A38006490A3 /* ASIHTTPRequest.m */,
				665EEB8213AE4A38006490A3 /* ASIHTTPRequestConfig.h */,
				665EEB8313AE4A38006490A3 /* ASIHTTPRequestDelegate.h */,
				665EEB8413AE4A38006490A3 /* ASIInputStream.h */,
				665EEB8513AE4A38006490A3 /* ASIInputStream.m */,
				665EEB8613AE4A38006490A3 /* ASINetworkQueue.h */,
				665EEB8713AE4A38006490A3 /* ASINetworkQueue.m */,
				665EEB8813AE4A38006490A3 /* ASIProgressDelegate.h */,
				665EEB8913AE4A38006490A3 /* Reachability.h */,
				665EEB8A13AE4A38006490A3 /* Reachability.m */,
			);
			path = ASIHttpRequest;
			sourceTree = "<group>";
		};
		665EEBEC13AE5E4F006490A3 /* GTM */ = {
			isa = PBXGroup;
			children = (
				665EEBED13AE5E4F006490A3 /* Foundation */,
				665EEBF013AE5E4F006490A3 /* GTMDefines.h */,
			);
			path = GTM;
			sourceTree = "<group>";
		};
		665EEBED13AE5E4F006490A3 /* Foundation */ = {
			isa = PBXGroup;
			children = (
				665EEBEE13AE5E4F006490A3 /* GTMNSString+HTML.h */,
				665EEBEF13AE5E4F006490A3 /* GTMNSString+HTML.m */,
			);
			path = Foundation;
			sourceTree = "<group>";
		};
		6660A38413ACEC5E00C05640 /* images */ = {
			isa = PBXGroup;
			children = (
				665EEAD313ADA3C1006490A3 /* Default.png */,
			);
			name = images;
			path = Resources/images;
			sourceTree = "<group>";
		};
		6660A38513ACEC5E00C05640 /* xib */ = {
			isa = PBXGroup;
			children = (
				6660A48113AD642B00C05640 /* VDMController.xib */,
				6660A38713ACEC5E00C05640 /* MainWindow.xib */,
				665EEAE113AE3177006490A3 /* VDMEntryCell.xib */,
			);
			name = xib;
			path = Resources/xib;
			sourceTree = "<group>";
		};
		6660A38C13ACEC6C00C05640 /* Controllers */ = {
			isa = PBXGroup;
			children = (
				6660A47C13AD63EA00C05640 /* VDMController.h */,
				6660A47D13AD63EA00C05640 /* VDMController.m */,
			);
			path = Controllers;
			sourceTree = "<group>";
		};
		6660A38F13ACEC6C00C05640 /* Helpers */ = {
			isa = PBXGroup;
			children = (
				665EEBE313AE5E2F006490A3 /* NSString+HTML.h */,
				665EEBE413AE5E2F006490A3 /* NSString+HTML.m */,
				6660A45013ACF79500C05640 /* GATracker.h */,
				6660A45113ACF79500C05640 /* GATracker.m */,
				6660A45713ACF79500C05640 /* VDMConstants.h */,
				6660A45813ACF79500C05640 /* XMLParser.h */,
				6660A45C13ACF91200C05640 /* VDMUtils.h */,
				6660A45D13ACF91200C05640 /* VDMUtils.m */,
				66F48FBA13B3806F0044AEC8 /* VDMEntryXMLParser.h */,
				66F48FBB13B3806F0044AEC8 /* VDMEntryXMLParser.m */,
			);
			path = Helpers;
			sourceTree = "<group>";
		};
		6660A39013ACEC6C00C05640 /* Model */ = {
			isa = PBXGroup;
			children = (
				665EEB5913AE4537006490A3 /* VDMEntry.h */,
				665EEB5A13AE4537006490A3 /* VDMEntry.m */,
			);
			path = Model;
			sourceTree = "<group>";
		};
		6660A39113ACEC6C00C05640 /* Views */ = {
			isa = PBXGroup;
			children = (
				665EEAE313AE318A006490A3 /* VDMEntryCell.h */,
				665EEAE413AE318A006490A3 /* VDMEntryCell.m */,
			);
			path = Views;
			sourceTree = "<group>";
		};
		6660A3A213ACF0EC00C05640 /* Libraries */ = {
			isa = PBXGroup;
			children = (
				665EEBEC13AE5E4F006490A3 /* GTM */,
				665EEB7413AE4A38006490A3 /* ASIHttpRequest */,
				6660A44C13ACF78400C05640 /* GoogleAnalytics */,
				6660A3B613ACF0EC00C05640 /* tbxmlex */,
			);
			path = Libraries;
			sourceTree = "<group>";
		};
		6660A3B613ACF0EC00C05640 /* tbxmlex */ = {
			isa = PBXGroup;
			children = (
				6660A3DE13ACF0EC00C05640 /* Classes */,
			);
			path = tbxmlex;
			sourceTree = "<group>";
		};
		6660A3DE13ACF0EC00C05640 /* Classes */ = {
			isa = PBXGroup;
			children = (
				6660A3DF13ACF0EC00C05640 /* NSDataAdditions.h */,
				6660A3E013ACF0EC00C05640 /* NSDataAdditions.m */,
				6660A3E113ACF0EC00C05640 /* TBXML.h */,
				6660A3E213ACF0EC00C05640 /* TBXML.m */,
				6660A3E313ACF0EC00C05640 /* TBXMLEx.h */,
				6660A3E413ACF0EC00C05640 /* TBXMLEx.m */,
			);
			path = Classes;
			sourceTree = "<group>";
		};
		6660A44C13ACF78400C05640 /* GoogleAnalytics */ = {
			isa = PBXGroup;
			children = (
				6660A44D13ACF78400C05640 /* GANTracker.h */,
				6660A44E13ACF78400C05640 /* libGoogleAnalytics.a */,
			);
			path = GoogleAnalytics;
			sourceTree = "<group>";
		};
/* End PBXGroup section */

/* Begin PBXNativeTarget section */
		1D6058900D05DD3D006BFB54 /* VDM-iPhone */ = {
			isa = PBXNativeTarget;
			buildConfigurationList = 1D6058960D05DD3E006BFB54 /* Build configuration list for PBXNativeTarget "VDM-iPhone" */;
			buildPhases = (
				1D60588D0D05DD3D006BFB54 /* Resources */,
				1D60588E0D05DD3D006BFB54 /* Sources */,
				1D60588F0D05DD3D006BFB54 /* Frameworks */,
			);
			buildRules = (
			);
			dependencies = (
			);
			name = "VDM-iPhone";
			productName = "VDM-iPhone";
			productReference = 1D6058910D05DD3D006BFB54 /* VDM-iPhone.app */;
			productType = "com.apple.product-type.application";
		};
/* End PBXNativeTarget section */

/* Begin PBXProject section */
		29B97313FDCFA39411CA2CEA /* Project object */ = {
			isa = PBXProject;
			buildConfigurationList = C01FCF4E08A954540054247B /* Build configuration list for PBXProject "VDM-iPhone" */;
			compatibilityVersion = "Xcode 3.2";
			developmentRegion = English;
			hasScannedForEncodings = 1;
			knownRegions = (
				English,
				Japanese,
				French,
				German,
			);
			mainGroup = 29B97314FDCFA39411CA2CEA /* VDM-iPhone */;
			projectDirPath = "";
			projectRoot = "";
			targets = (
				1D6058900D05DD3D006BFB54 /* VDM-iPhone */,
			);
		};
/* End PBXProject section */

/* Begin PBXResourcesBuildPhase section */
		1D60588D0D05DD3D006BFB54 /* Resources */ = {
			isa = PBXResourcesBuildPhase;
			buildActionMask = 2147483647;
			files = (
				6660A38A13ACEC5E00C05640 /* MainWindow.xib in Resources */,
				6660A48213AD642B00C05640 /* VDMController.xib in Resources */,
				665EEAD413ADA3C1006490A3 /* Default.png in Resources */,
				665EEAE213AE3177006490A3 /* VDMEntryCell.xib in Resources */,
			);
			runOnlyForDeploymentPostprocessing = 0;
		};
/* End PBXResourcesBuildPhase section */

/* Begin PBXSourcesBuildPhase section */
		1D60588E0D05DD3D006BFB54 /* Sources */ = {
			isa = PBXSourcesBuildPhase;
			buildActionMask = 2147483647;
			files = (
				1D60589B0D05DD56006BFB54 /* main.m in Sources */,
				1D3623260D0F684500981E51 /* VDM_iPhoneAppDelegate.m in Sources */,
				6660A41113ACF0EC00C05640 /* NSDataAdditions.m in Sources */,
				6660A41213ACF0EC00C05640 /* TBXML.m in Sources */,
				6660A41313ACF0EC00C05640 /* TBXMLEx.m in Sources */,
				6660A45913ACF79500C05640 /* GATracker.m in Sources */,
				6660A45E13ACF91200C05640 /* VDMUtils.m in Sources */,
				6660A47F13AD63EA00C05640 /* VDMController.m in Sources */,
				665EEAE513AE318A006490A3 /* VDMEntryCell.m in Sources */,
				665EEB5B13AE4537006490A3 /* VDMEntry.m in Sources */,
				665EEB8B13AE4A38006490A3 /* ASIAuthenticationDialog.m in Sources */,
				665EEB8C13AE4A38006490A3 /* ASIDataCompressor.m in Sources */,
				665EEB8D13AE4A38006490A3 /* ASIDataDecompressor.m in Sources */,
				665EEB8E13AE4A38006490A3 /* ASIDownloadCache.m in Sources */,
				665EEB8F13AE4A38006490A3 /* ASIFormDataRequest.m in Sources */,
				665EEB9013AE4A38006490A3 /* ASIHTTPRequest.m in Sources */,
				665EEB9113AE4A38006490A3 /* ASIInputStream.m in Sources */,
				665EEB9213AE4A38006490A3 /* ASINetworkQueue.m in Sources */,
				665EEB9313AE4A38006490A3 /* Reachability.m in Sources */,
				665EEBE513AE5E2F006490A3 /* NSString+HTML.m in Sources */,
				665EEBF113AE5E4F006490A3 /* GTMNSString+HTML.m in Sources */,
				66F48FBC13B3806F0044AEC8 /* VDMEntryXMLParser.m in Sources */,
			);
			runOnlyForDeploymentPostprocessing = 0;
		};
/* End PBXSourcesBuildPhase section */

/* Begin XCBuildConfiguration section */
		1D6058940D05DD3E006BFB54 /* Debug */ = {
			isa = XCBuildConfiguration;
			buildSettings = {
				ALWAYS_SEARCH_USER_PATHS = NO;
				COPY_PHASE_STRIP = NO;
				FRAMEWORK_SEARCH_PATHS = (
					"$(inherited)",
					"\"$(SRCROOT)/Classes/Libraries/tbxmlex/libs\"",
				);
				GCC_DYNAMIC_NO_PIC = NO;
				GCC_OPTIMIZATION_LEVEL = 0;
				GCC_PRECOMPILE_PREFIX_HEADER = YES;
				GCC_PREFIX_HEADER = VDM_iPhone_Prefix.pch;
				INFOPLIST_FILE = "VDM_iPhone-Info.plist";
				IPHONEOS_DEPLOYMENT_TARGET = 4.1;
				LIBRARY_SEARCH_PATHS = (
					"$(inherited)",
					"\"$(SRCROOT)/Classes/Libraries/GoogleAnalytics\"",
				);
				PRODUCT_NAME = "VDM-iPhone";
			};
			name = Debug;
		};
		1D6058950D05DD3E006BFB54 /* Release */ = {
			isa = XCBuildConfiguration;
			buildSettings = {
				ALWAYS_SEARCH_USER_PATHS = NO;
				COPY_PHASE_STRIP = YES;
				FRAMEWORK_SEARCH_PATHS = (
					"$(inherited)",
					"\"$(SRCROOT)/Classes/Libraries/tbxmlex/libs\"",
				);
				GCC_PRECOMPILE_PREFIX_HEADER = YES;
				GCC_PREFIX_HEADER = VDM_iPhone_Prefix.pch;
				INFOPLIST_FILE = "VDM_iPhone-Info.plist";
				IPHONEOS_DEPLOYMENT_TARGET = 4.1;
				LIBRARY_SEARCH_PATHS = (
					"$(inherited)",
					"\"$(SRCROOT)/Classes/Libraries/GoogleAnalytics\"",
				);
				PRODUCT_NAME = "VDM-iPhone";
				VALIDATE_PRODUCT = YES;
			};
			name = Release;
		};
		C01FCF4F08A954540054247B /* Debug */ = {
			isa = XCBuildConfiguration;
			buildSettings = {
				ARCHS = "$(ARCHS_STANDARD_32_BIT)";
				"CODE_SIGN_IDENTITY[sdk=iphoneos*]" = "iPhone Developer";
				GCC_C_LANGUAGE_STANDARD = c99;
				GCC_WARN_ABOUT_RETURN_TYPE = YES;
				GCC_WARN_UNUSED_VARIABLE = YES;
				PREBINDING = NO;
				SDKROOT = iphoneos;
			};
			name = Debug;
		};
		C01FCF5008A954540054247B /* Release */ = {
			isa = XCBuildConfiguration;
			buildSettings = {
				ARCHS = "$(ARCHS_STANDARD_32_BIT)";
				"CODE_SIGN_IDENTITY[sdk=iphoneos*]" = "iPhone Developer";
				GCC_C_LANGUAGE_STANDARD = c99;
				GCC_WARN_ABOUT_RETURN_TYPE = YES;
				GCC_WARN_UNUSED_VARIABLE = YES;
				OTHER_CFLAGS = "-DNS_BLOCK_ASSERTIONS=1";
				PREBINDING = NO;
				SDKROOT = iphoneos;
			};
			name = Release;
		};
/* End XCBuildConfiguration section */

/* Begin XCConfigurationList section */
		1D6058960D05DD3E006BFB54 /* Build configuration list for PBXNativeTarget "VDM-iPhone" */ = {
			isa = XCConfigurationList;
			buildConfigurations = (
				1D6058940D05DD3E006BFB54 /* Debug */,
				1D6058950D05DD3E006BFB54 /* Release */,
			);
			defaultConfigurationIsVisible = 0;
			defaultConfigurationName = Release;
		};
		C01FCF4E08A954540054247B /* Build configuration list for PBXProject "VDM-iPhone" */ = {
			isa = XCConfigurationList;
			buildConfigurations = (
				C01FCF4F08A954540054247B /* Debug */,
				C01FCF5008A954540054247B /* Release */,
			);
			defaultConfigurationIsVisible = 0;
			defaultConfigurationName = Release;
		};
/* End XCConfigurationList section */
	};
	rootObject = 29B97313FDCFA39411CA2CEA /* Project object */;
}
