// !$*UTF8*$!
{
	archiveVersion = 1;
	classes = {
	};
	objectVersion = 46;
	objects = {

/* Begin PBXBuildFile section */
		1D3623260D0F684500981E51 /* VDM_iPhoneAppDelegate.m in Sources */ = {isa = PBXBuildFile; fileRef = 1D3623250D0F684500981E51 /* VDM_iPhoneAppDelegate.m */; };
		1D60589B0D05DD56006BFB54 /* main.m in Sources */ = {isa = PBXBuildFile; fileRef = 29B97316FDCFA39411CA2CEA /* main.m */; };
		1D60589F0D05DD5A006BFB54 /* Foundation.framework in Frameworks */ = {isa = PBXBuildFile; fileRef = 1D30AB110D05D00D00671497 /* Foundation.framework */; };
		1DF5F4E00D08C38300B7A737 /* UIKit.framework in Frameworks */ = {isa = PBXBuildFile; fileRef = 1DF5F4DF0D08C38300B7A737 /* UIKit.framework */; };
		288765080DF74369002DB57D /* CoreGraphics.framework in Frameworks */ = {isa = PBXBuildFile; fileRef = 288765070DF74369002DB57D /* CoreGraphics.framework */; };
		660B191713D29C5200EF2228 /* Icon.png in Resources */ = {isa = PBXBuildFile; fileRef = 660B191613D29C5200EF2228 /* Icon.png */; };
		661D9C5B13C8DAAA002ABD5E /* VDMSettings.m in Sources */ = {isa = PBXBuildFile; fileRef = 661D9C5A13C8DAAA002ABD5E /* VDMSettings.m */; };
		661D9C5D13C8DB58002ABD5E /* VDMSettings.plist in Resources */ = {isa = PBXBuildFile; fileRef = 661D9C5C13C8DB58002ABD5E /* VDMSettings.plist */; };
		661D9C7113C8DE57002ABD5E /* QuartzCore.framework in Frameworks */ = {isa = PBXBuildFile; fileRef = 661D9C7013C8DE57002ABD5E /* QuartzCore.framework */; };
		661D9C7613C8DEDD002ABD5E /* RSTLRoundedView.m in Sources */ = {isa = PBXBuildFile; fileRef = 661D9C7513C8DEDD002ABD5E /* RSTLRoundedView.m */; };
		661D9D2313CBF0F2002ABD5E /* WEPopoverContainerView.m in Sources */ = {isa = PBXBuildFile; fileRef = 661D9D1313CBF0F2002ABD5E /* WEPopoverContainerView.m */; };
		661D9D2413CBF0F2002ABD5E /* WEPopoverController.m in Sources */ = {isa = PBXBuildFile; fileRef = 661D9D1513CBF0F2002ABD5E /* WEPopoverController.m */; };
		661D9D2613CBF0F2002ABD5E /* popoverArrowDown.png in Resources */ = {isa = PBXBuildFile; fileRef = 661D9D1813CBF0F2002ABD5E /* popoverArrowDown.png */; };
		661D9D2713CBF0F2002ABD5E /* popoverArrowDown@2x.png in Resources */ = {isa = PBXBuildFile; fileRef = 661D9D1913CBF0F2002ABD5E /* popoverArrowDown@2x.png */; };
		661D9D2813CBF0F2002ABD5E /* popoverArrowLeft.png in Resources */ = {isa = PBXBuildFile; fileRef = 661D9D1A13CBF0F2002ABD5E /* popoverArrowLeft.png */; };
		661D9D2913CBF0F2002ABD5E /* popoverArrowLeft@2x.png in Resources */ = {isa = PBXBuildFile; fileRef = 661D9D1B13CBF0F2002ABD5E /* popoverArrowLeft@2x.png */; };
		661D9D2A13CBF0F2002ABD5E /* popoverArrowRight.png in Resources */ = {isa = PBXBuildFile; fileRef = 661D9D1C13CBF0F2002ABD5E /* popoverArrowRight.png */; };
		661D9D2B13CBF0F2002ABD5E /* popoverArrowRight@2x.png in Resources */ = {isa = PBXBuildFile; fileRef = 661D9D1D13CBF0F2002ABD5E /* popoverArrowRight@2x.png */; };
		661D9D2C13CBF0F2002ABD5E /* popoverArrowUp.png in Resources */ = {isa = PBXBuildFile; fileRef = 661D9D1E13CBF0F2002ABD5E /* popoverArrowUp.png */; };
		661D9D2D13CBF0F2002ABD5E /* popoverArrowUp@2x.png in Resources */ = {isa = PBXBuildFile; fileRef = 661D9D1F13CBF0F2002ABD5E /* popoverArrowUp@2x.png */; };
		661D9D2E13CBF0F2002ABD5E /* popoverBg.png in Resources */ = {isa = PBXBuildFile; fileRef = 661D9D2013CBF0F2002ABD5E /* popoverBg.png */; };
		661D9D2F13CBF0F2002ABD5E /* popoverBg@2x.png in Resources */ = {isa = PBXBuildFile; fileRef = 661D9D2113CBF0F2002ABD5E /* popoverBg@2x.png */; };
		661D9D3C13CBF176002ABD5E /* VDMCategoriesSelectorController.m in Sources */ = {isa = PBXBuildFile; fileRef = 661D9D3A13CBF176002ABD5E /* VDMCategoriesSelectorController.m */; };
		661D9D3F13CBF193002ABD5E /* VDMCategoriesSelectorController.xib in Resources */ = {isa = PBXBuildFile; fileRef = 661D9D3E13CBF193002ABD5E /* VDMCategoriesSelectorController.xib */; };
		661D9D6F13CCF9A4002ABD5E /* popoverArrowDownSimple.png in Resources */ = {isa = PBXBuildFile; fileRef = 661D9D6A13CCF9A4002ABD5E /* popoverArrowDownSimple.png */; };
		661D9D7013CCF9A4002ABD5E /* popoverArrowLeftSimple.png in Resources */ = {isa = PBXBuildFile; fileRef = 661D9D6B13CCF9A4002ABD5E /* popoverArrowLeftSimple.png */; };
		661D9D7113CCF9A4002ABD5E /* popoverArrowRightSimple.png in Resources */ = {isa = PBXBuildFile; fileRef = 661D9D6C13CCF9A4002ABD5E /* popoverArrowRightSimple.png */; };
		661D9D7213CCF9A4002ABD5E /* popoverArrowUpSimple.png in Resources */ = {isa = PBXBuildFile; fileRef = 661D9D6D13CCF9A4002ABD5E /* popoverArrowUpSimple.png */; };
		661D9D7313CCF9A4002ABD5E /* popoverBgSimple.png in Resources */ = {isa = PBXBuildFile; fileRef = 661D9D6E13CCF9A4002ABD5E /* popoverBgSimple.png */; };
		661D9D7913CCFAF6002ABD5E /* UIBarButtonItem+WEPopover.m in Sources */ = {isa = PBXBuildFile; fileRef = 661D9D7613CCFAF6002ABD5E /* UIBarButtonItem+WEPopover.m */; };
		661D9D7A13CCFAF6002ABD5E /* WETouchableView.m in Sources */ = {isa = PBXBuildFile; fileRef = 661D9D7813CCFAF6002ABD5E /* WETouchableView.m */; };
		6634A39213DB08DE0065E4F3 /* VDMAddEntryController.m in Sources */ = {isa = PBXBuildFile; fileRef = 6634A39013DB08DE0065E4F3 /* VDMAddEntryController.m */; };
		6634A39513DB09030065E4F3 /* VDMAddEntryController.xib in Resources */ = {isa = PBXBuildFile; fileRef = 6634A39413DB09030065E4F3 /* VDMAddEntryController.xib */; };
		6634A41913DB296D0065E4F3 /* VDMLoadingView.m in Sources */ = {isa = PBXBuildFile; fileRef = 6634A41813DB296D0065E4F3 /* VDMLoadingView.m */; };
		665EEAD413ADA3C1006490A3 /* Default.png in Resources */ = {isa = PBXBuildFile; fileRef = 665EEAD313ADA3C1006490A3 /* Default.png */; };
		665EEAE213AE3177006490A3 /* VDMEntryCell.xib in Resources */ = {isa = PBXBuildFile; fileRef = 665EEAE113AE3177006490A3 /* VDMEntryCell.xib */; };
		665EEAE513AE318A006490A3 /* VDMEntryCell.m in Sources */ = {isa = PBXBuildFile; fileRef = 665EEAE413AE318A006490A3 /* VDMEntryCell.m */; };
		665EEB5B13AE4537006490A3 /* VDMEntry.m in Sources */ = {isa = PBXBuildFile; fileRef = 665EEB5A13AE4537006490A3 /* VDMEntry.m */; };
		665EEB8B13AE4A38006490A3 /* ASIAuthenticationDialog.m in Sources */ = {isa = PBXBuildFile; fileRef = 665EEB7613AE4A38006490A3 /* ASIAuthenticationDialog.m */; };
		665EEB8C13AE4A38006490A3 /* ASIDataCompressor.m in Sources */ = {isa = PBXBuildFile; fileRef = 665EEB7913AE4A38006490A3 /* ASIDataCompressor.m */; };
		665EEB8D13AE4A38006490A3 /* ASIDataDecompressor.m in Sources */ = {isa = PBXBuildFile; fileRef = 665EEB7B13AE4A38006490A3 /* ASIDataDecompressor.m */; };
		665EEB8E13AE4A38006490A3 /* ASIDownloadCache.m in Sources */ = {isa = PBXBuildFile; fileRef = 665EEB7D13AE4A38006490A3 /* ASIDownloadCache.m */; };
		665EEB8F13AE4A38006490A3 /* ASIFormDataRequest.m in Sources */ = {isa = PBXBuildFile; fileRef = 665EEB7F13AE4A38006490A3 /* ASIFormDataRequest.m */; };
		665EEB9013AE4A38006490A3 /* ASIHTTPRequest.m in Sources */ = {isa = PBXBuildFile; fileRef = 665EEB8113AE4A38006490A3 /* ASIHTTPRequest.m */; };
		665EEB9113AE4A38006490A3 /* ASIInputStream.m in Sources */ = {isa = PBXBuildFile; fileRef = 665EEB8513AE4A38006490A3 /* ASIInputStream.m */; };
		665EEB9213AE4A38006490A3 /* ASINetworkQueue.m in Sources */ = {isa = PBXBuildFile; fileRef = 665EEB8713AE4A38006490A3 /* ASINetworkQueue.m */; };
		665EEB9313AE4A38006490A3 /* Reachability.m in Sources */ = {isa = PBXBuildFile; fileRef = 665EEB8A13AE4A38006490A3 /* Reachability.m */; };
		665EEBE513AE5E2F006490A3 /* NSString+HTML.m in Sources */ = {isa = PBXBuildFile; fileRef = 665EEBE413AE5E2F006490A3 /* NSString+HTML.m */; };
		665EEBF113AE5E4F006490A3 /* GTMNSString+HTML.m in Sources */ = {isa = PBXBuildFile; fileRef = 665EEBEF13AE5E4F006490A3 /* GTMNSString+HTML.m */; };
		6660A38A13ACEC5E00C05640 /* MainWindow.xib in Resources */ = {isa = PBXBuildFile; fileRef = 6660A38713ACEC5E00C05640 /* MainWindow.xib */; };
		6660A41113ACF0EC00C05640 /* NSDataAdditions.m in Sources */ = {isa = PBXBuildFile; fileRef = 6660A3E013ACF0EC00C05640 /* NSDataAdditions.m */; };
		6660A41213ACF0EC00C05640 /* TBXML.m in Sources */ = {isa = PBXBuildFile; fileRef = 6660A3E213ACF0EC00C05640 /* TBXML.m */; };
		6660A41313ACF0EC00C05640 /* TBXMLEx.m in Sources */ = {isa = PBXBuildFile; fileRef = 6660A3E413ACF0EC00C05640 /* TBXMLEx.m */; };
		6660A43013ACF1B800C05640 /* CFNetwork.framework in Frameworks */ = {isa = PBXBuildFile; fileRef = 6660A42F13ACF1B800C05640 /* CFNetwork.framework */; };
		6660A43913ACF21F00C05640 /* libz.dylib in Frameworks */ = {isa = PBXBuildFile; fileRef = 6660A43813ACF21F00C05640 /* libz.dylib */; };
		6660A43D13ACF24C00C05640 /* MobileCoreServices.framework in Frameworks */ = {isa = PBXBuildFile; fileRef = 6660A43C13ACF24C00C05640 /* MobileCoreServices.framework */; };
		6660A43F13ACF24C00C05640 /* SystemConfiguration.framework in Frameworks */ = {isa = PBXBuildFile; fileRef = 6660A43E13ACF24C00C05640 /* SystemConfiguration.framework */; };
		6660A44F13ACF78400C05640 /* libGoogleAnalytics.a in Frameworks */ = {isa = PBXBuildFile; fileRef = 6660A44E13ACF78400C05640 /* libGoogleAnalytics.a */; };
		6660A45913ACF79500C05640 /* GATracker.m in Sources */ = {isa = PBXBuildFile; fileRef = 6660A45113ACF79500C05640 /* GATracker.m */; };
		6660A45E13ACF91200C05640 /* VDMUtils.m in Sources */ = {isa = PBXBuildFile; fileRef = 6660A45D13ACF91200C05640 /* VDMUtils.m */; };
		6660A47F13AD63EA00C05640 /* VDMController.m in Sources */ = {isa = PBXBuildFile; fileRef = 6660A47D13AD63EA00C05640 /* VDMController.m */; };
		6660A48213AD642B00C05640 /* VDMController.xib in Resources */ = {isa = PBXBuildFile; fileRef = 6660A48113AD642B00C05640 /* VDMController.xib */; };
		6660A4A713AD801900C05640 /* libsqlite3.dylib in Frameworks */ = {isa = PBXBuildFile; fileRef = 6660A4A613AD801900C05640 /* libsqlite3.dylib */; };
		66998E3E13D1FA7C00CC6A97 /* vdm_logo_small.png in Resources */ = {isa = PBXBuildFile; fileRef = 66998E3D13D1FA7C00CC6A97 /* vdm_logo_small.png */; };
		66998E6613D1FF1700CC6A97 /* VDMInfoView.m in Sources */ = {isa = PBXBuildFile; fileRef = 66998E6513D1FF1700CC6A97 /* VDMInfoView.m */; };
		66998E6813D1FF6500CC6A97 /* VDMInfoView.xib in Resources */ = {isa = PBXBuildFile; fileRef = 66998E6713D1FF6500CC6A97 /* VDMInfoView.xib */; };
		66998F8713D26F0700CC6A97 /* VDMEntryCellBackground.m in Sources */ = {isa = PBXBuildFile; fileRef = 66998F8613D26F0700CC6A97 /* VDMEntryCellBackground.m */; };
		66A88CA313DE5BD3003C4C32 /* help_button_navbar.png in Resources */ = {isa = PBXBuildFile; fileRef = 66A88CA213DE5BD3003C4C32 /* help_button_navbar.png */; };
		66AE281913DCDB440021C061 /* VDMReadEntryController.m in Sources */ = {isa = PBXBuildFile; fileRef = 66AE281713DCDB440021C061 /* VDMReadEntryController.m */; };
		66AE281C13DCDB5F0021C061 /* VDMReadEntryController.xib in Resources */ = {isa = PBXBuildFile; fileRef = 66AE281B13DCDB5F0021C061 /* VDMReadEntryController.xib */; };
		66AE283213DCE44D0021C061 /* comments.html in Resources */ = {isa = PBXBuildFile; fileRef = 66AE283113DCE44D0021C061 /* comments.html */; };
		66DA5C4113E0DF0D00E017D3 /* add_keyboard_bar.png in Resources */ = {isa = PBXBuildFile; fileRef = 66DA5C4013E0DF0D00E017D3 /* add_keyboard_bar.png */; };
		66DA5CC313E1042100E017D3 /* VDMEntryTheme.m in Sources */ = {isa = PBXBuildFile; fileRef = 66DA5CC213E1042100E017D3 /* VDMEntryTheme.m */; };
		66DA5CC613E105FC00E017D3 /* VDMThemeChooserController.m in Sources */ = {isa = PBXBuildFile; fileRef = 66DA5CC513E105FC00E017D3 /* VDMThemeChooserController.m */; };
		66F48FBC13B3806F0044AEC8 /* VDMEntryXMLParser.m in Sources */ = {isa = PBXBuildFile; fileRef = 66F48FBB13B3806F0044AEC8 /* VDMEntryXMLParser.m */; };
		66FD046D13C7F4A400934DD0 /* VDMFetcher.m in Sources */ = {isa = PBXBuildFile; fileRef = 66FD046C13C7F4A400934DD0 /* VDMFetcher.m */; };
		66FD04B513C8044C00934DD0 /* RSTLTintedBarButtonItem.m in Sources */ = {isa = PBXBuildFile; fileRef = 66FD04B413C8044C00934DD0 /* RSTLTintedBarButtonItem.m */; };
/* End PBXBuildFile section */

/* Begin PBXFileReference section */
		1D30AB110D05D00D00671497 /* Foundation.framework */ = {isa = PBXFileReference; lastKnownFileType = wrapper.framework; name = Foundation.framework; path = System/Library/Frameworks/Foundation.framework; sourceTree = SDKROOT; };
		1D3623240D0F684500981E51 /* VDM_iPhoneAppDelegate.h */ = {isa = PBXFileReference; fileEncoding = 4; lastKnownFileType = sourcecode.c.h; path = VDM_iPhoneAppDelegate.h; sourceTree = "<group>"; };
		1D3623250D0F684500981E51 /* VDM_iPhoneAppDelegate.m */ = {isa = PBXFileReference; fileEncoding = 4; lastKnownFileType = sourcecode.c.objc; path = VDM_iPhoneAppDelegate.m; sourceTree = "<group>"; };
		1D6058910D05DD3D006BFB54 /* VDM-iPhone.app */ = {isa = PBXFileReference; explicitFileType = wrapper.application; includeInIndex = 0; path = "VDM-iPhone.app"; sourceTree = BUILT_PRODUCTS_DIR; };
		1DF5F4DF0D08C38300B7A737 /* UIKit.framework */ = {isa = PBXFileReference; lastKnownFileType = wrapper.framework; name = UIKit.framework; path = System/Library/Frameworks/UIKit.framework; sourceTree = SDKROOT; };
		288765070DF74369002DB57D /* CoreGraphics.framework */ = {isa = PBXFileReference; lastKnownFileType = wrapper.framework; name = CoreGraphics.framework; path = System/Library/Frameworks/CoreGraphics.framework; sourceTree = SDKROOT; };
		28A0AB4B0D9B1048005BE974 /* VDM_iPhone_Prefix.pch */ = {isa = PBXFileReference; fileEncoding = 4; lastKnownFileType = sourcecode.c.h; path = VDM_iPhone_Prefix.pch; sourceTree = "<group>"; };
		29B97316FDCFA39411CA2CEA /* main.m */ = {isa = PBXFileReference; fileEncoding = 4; lastKnownFileType = sourcecode.c.objc; path = main.m; sourceTree = "<group>"; };
		660B191613D29C5200EF2228 /* Icon.png */ = {isa = PBXFileReference; lastKnownFileType = image.png; path = Icon.png; sourceTree = "<group>"; };
		661D9C5913C8DAAA002ABD5E /* VDMSettings.h */ = {isa = PBXFileReference; fileEncoding = 4; lastKnownFileType = sourcecode.c.h; path = VDMSettings.h; sourceTree = "<group>"; };
		661D9C5A13C8DAAA002ABD5E /* VDMSettings.m */ = {isa = PBXFileReference; fileEncoding = 4; lastKnownFileType = sourcecode.c.objc; path = VDMSettings.m; sourceTree = "<group>"; };
		661D9C5C13C8DB58002ABD5E /* VDMSettings.plist */ = {isa = PBXFileReference; fileEncoding = 4; lastKnownFileType = text.plist; path = VDMSettings.plist; sourceTree = "<group>"; };
		661D9C7013C8DE57002ABD5E /* QuartzCore.framework */ = {isa = PBXFileReference; lastKnownFileType = wrapper.framework; name = QuartzCore.framework; path = System/Library/Frameworks/QuartzCore.framework; sourceTree = SDKROOT; };
		661D9C7413C8DEDD002ABD5E /* RSTLRoundedView.h */ = {isa = PBXFileReference; fileEncoding = 4; lastKnownFileType = sourcecode.c.h; path = RSTLRoundedView.h; sourceTree = "<group>"; };
		661D9C7513C8DEDD002ABD5E /* RSTLRoundedView.m */ = {isa = PBXFileReference; fileEncoding = 4; lastKnownFileType = sourcecode.c.objc; path = RSTLRoundedView.m; sourceTree = "<group>"; };
		661D9D1213CBF0F2002ABD5E /* WEPopoverContainerView.h */ = {isa = PBXFileReference; fileEncoding = 4; lastKnownFileType = sourcecode.c.h; path = WEPopoverContainerView.h; sourceTree = "<group>"; };
		661D9D1313CBF0F2002ABD5E /* WEPopoverContainerView.m */ = {isa = PBXFileReference; fileEncoding = 4; lastKnownFileType = sourcecode.c.objc; path = WEPopoverContainerView.m; sourceTree = "<group>"; };
		661D9D1413CBF0F2002ABD5E /* WEPopoverController.h */ = {isa = PBXFileReference; fileEncoding = 4; lastKnownFileType = sourcecode.c.h; path = WEPopoverController.h; sourceTree = "<group>"; };
		661D9D1513CBF0F2002ABD5E /* WEPopoverController.m */ = {isa = PBXFileReference; fileEncoding = 4; lastKnownFileType = sourcecode.c.objc; path = WEPopoverController.m; sourceTree = "<group>"; };
		661D9D1613CBF0F2002ABD5E /* WEPopoverParentView.h */ = {isa = PBXFileReference; fileEncoding = 4; lastKnownFileType = sourcecode.c.h; path = WEPopoverParentView.h; sourceTree = "<group>"; };
		661D9D1813CBF0F2002ABD5E /* popoverArrowDown.png */ = {isa = PBXFileReference; lastKnownFileType = image.png; path = popoverArrowDown.png; sourceTree = "<group>"; };
		661D9D1913CBF0F2002ABD5E /* popoverArrowDown@2x.png */ = {isa = PBXFileReference; lastKnownFileType = image.png; path = "popoverArrowDown@2x.png"; sourceTree = "<group>"; };
		661D9D1A13CBF0F2002ABD5E /* popoverArrowLeft.png */ = {isa = PBXFileReference; lastKnownFileType = image.png; path = popoverArrowLeft.png; sourceTree = "<group>"; };
		661D9D1B13CBF0F2002ABD5E /* popoverArrowLeft@2x.png */ = {isa = PBXFileReference; lastKnownFileType = image.png; path = "popoverArrowLeft@2x.png"; sourceTree = "<group>"; };
		661D9D1C13CBF0F2002ABD5E /* popoverArrowRight.png */ = {isa = PBXFileReference; lastKnownFileType = image.png; path = popoverArrowRight.png; sourceTree = "<group>"; };
		661D9D1D13CBF0F2002ABD5E /* popoverArrowRight@2x.png */ = {isa = PBXFileReference; lastKnownFileType = image.png; path = "popoverArrowRight@2x.png"; sourceTree = "<group>"; };
		661D9D1E13CBF0F2002ABD5E /* popoverArrowUp.png */ = {isa = PBXFileReference; lastKnownFileType = image.png; path = popoverArrowUp.png; sourceTree = "<group>"; };
		661D9D1F13CBF0F2002ABD5E /* popoverArrowUp@2x.png */ = {isa = PBXFileReference; lastKnownFileType = image.png; path = "popoverArrowUp@2x.png"; sourceTree = "<group>"; };
		661D9D2013CBF0F2002ABD5E /* popoverBg.png */ = {isa = PBXFileReference; lastKnownFileType = image.png; path = popoverBg.png; sourceTree = "<group>"; };
		661D9D2113CBF0F2002ABD5E /* popoverBg@2x.png */ = {isa = PBXFileReference; lastKnownFileType = image.png; path = "popoverBg@2x.png"; sourceTree = "<group>"; };
		661D9D3913CBF176002ABD5E /* VDMCategoriesSelectorController.h */ = {isa = PBXFileReference; fileEncoding = 4; lastKnownFileType = sourcecode.c.h; path = VDMCategoriesSelectorController.h; sourceTree = "<group>"; };
		661D9D3A13CBF176002ABD5E /* VDMCategoriesSelectorController.m */ = {isa = PBXFileReference; fileEncoding = 4; lastKnownFileType = sourcecode.c.objc; path = VDMCategoriesSelectorController.m; sourceTree = "<group>"; };
		661D9D3E13CBF193002ABD5E /* VDMCategoriesSelectorController.xib */ = {isa = PBXFileReference; lastKnownFileType = file.xib; path = VDMCategoriesSelectorController.xib; sourceTree = "<group>"; };
		661D9D6A13CCF9A4002ABD5E /* popoverArrowDownSimple.png */ = {isa = PBXFileReference; lastKnownFileType = image.png; path = popoverArrowDownSimple.png; sourceTree = "<group>"; };
		661D9D6B13CCF9A4002ABD5E /* popoverArrowLeftSimple.png */ = {isa = PBXFileReference; lastKnownFileType = image.png; path = popoverArrowLeftSimple.png; sourceTree = "<group>"; };
		661D9D6C13CCF9A4002ABD5E /* popoverArrowRightSimple.png */ = {isa = PBXFileReference; lastKnownFileType = image.png; path = popoverArrowRightSimple.png; sourceTree = "<group>"; };
		661D9D6D13CCF9A4002ABD5E /* popoverArrowUpSimple.png */ = {isa = PBXFileReference; lastKnownFileType = image.png; path = popoverArrowUpSimple.png; sourceTree = "<group>"; };
		661D9D6E13CCF9A4002ABD5E /* popoverBgSimple.png */ = {isa = PBXFileReference; lastKnownFileType = image.png; path = popoverBgSimple.png; sourceTree = "<group>"; };
		661D9D7513CCFAF6002ABD5E /* UIBarButtonItem+WEPopover.h */ = {isa = PBXFileReference; fileEncoding = 4; lastKnownFileType = sourcecode.c.h; path = "UIBarButtonItem+WEPopover.h"; sourceTree = "<group>"; };
		661D9D7613CCFAF6002ABD5E /* UIBarButtonItem+WEPopover.m */ = {isa = PBXFileReference; fileEncoding = 4; lastKnownFileType = sourcecode.c.objc; path = "UIBarButtonItem+WEPopover.m"; sourceTree = "<group>"; };
		661D9D7713CCFAF6002ABD5E /* WETouchableView.h */ = {isa = PBXFileReference; fileEncoding = 4; lastKnownFileType = sourcecode.c.h; path = WETouchableView.h; sourceTree = "<group>"; };
		661D9D7813CCFAF6002ABD5E /* WETouchableView.m */ = {isa = PBXFileReference; fileEncoding = 4; lastKnownFileType = sourcecode.c.objc; path = WETouchableView.m; sourceTree = "<group>"; };
		6634A38F13DB08DE0065E4F3 /* VDMAddEntryController.h */ = {isa = PBXFileReference; fileEncoding = 4; lastKnownFileType = sourcecode.c.h; path = VDMAddEntryController.h; sourceTree = "<group>"; };
		6634A39013DB08DE0065E4F3 /* VDMAddEntryController.m */ = {isa = PBXFileReference; fileEncoding = 4; lastKnownFileType = sourcecode.c.objc; path = VDMAddEntryController.m; sourceTree = "<group>"; };
		6634A39413DB09030065E4F3 /* VDMAddEntryController.xib */ = {isa = PBXFileReference; lastKnownFileType = file.xib; path = VDMAddEntryController.xib; sourceTree = "<group>"; };
		6634A41713DB296D0065E4F3 /* VDMLoadingView.h */ = {isa = PBXFileReference; fileEncoding = 4; lastKnownFileType = sourcecode.c.h; path = VDMLoadingView.h; sourceTree = "<group>"; };
		6634A41813DB296D0065E4F3 /* VDMLoadingView.m */ = {isa = PBXFileReference; fileEncoding = 4; lastKnownFileType = sourcecode.c.objc; path = VDMLoadingView.m; sourceTree = "<group>"; };
		665EEAD313ADA3C1006490A3 /* Default.png */ = {isa = PBXFileReference; lastKnownFileType = image.png; path = Default.png; sourceTree = "<group>"; };
		665EEAE113AE3177006490A3 /* VDMEntryCell.xib */ = {isa = PBXFileReference; lastKnownFileType = file.xib; path = VDMEntryCell.xib; sourceTree = "<group>"; };
		665EEAE313AE318A006490A3 /* VDMEntryCell.h */ = {isa = PBXFileReference; fileEncoding = 4; lastKnownFileType = sourcecode.c.h; path = VDMEntryCell.h; sourceTree = "<group>"; };
		665EEAE413AE318A006490A3 /* VDMEntryCell.m */ = {isa = PBXFileReference; fileEncoding = 4; lastKnownFileType = sourcecode.c.objc; path = VDMEntryCell.m; sourceTree = "<group>"; };
		665EEB5913AE4537006490A3 /* VDMEntry.h */ = {isa = PBXFileReference; fileEncoding = 4; lastKnownFileType = sourcecode.c.h; path = VDMEntry.h; sourceTree = "<group>"; };
		665EEB5A13AE4537006490A3 /* VDMEntry.m */ = {isa = PBXFileReference; fileEncoding = 4; lastKnownFileType = sourcecode.c.objc; path = VDMEntry.m; sourceTree = "<group>"; };
		665EEB7513AE4A38006490A3 /* ASIAuthenticationDialog.h */ = {isa = PBXFileReference; fileEncoding = 4; lastKnownFileType = sourcecode.c.h; path = ASIAuthenticationDialog.h; sourceTree = "<group>"; };
		665EEB7613AE4A38006490A3 /* ASIAuthenticationDialog.m */ = {isa = PBXFileReference; fileEncoding = 4; lastKnownFileType = sourcecode.c.objc; path = ASIAuthenticationDialog.m; sourceTree = "<group>"; };
		665EEB7713AE4A38006490A3 /* ASICacheDelegate.h */ = {isa = PBXFileReference; fileEncoding = 4; lastKnownFileType = sourcecode.c.h; path = ASICacheDelegate.h; sourceTree = "<group>"; };
		665EEB7813AE4A38006490A3 /* ASIDataCompressor.h */ = {isa = PBXFileReference; fileEncoding = 4; lastKnownFileType = sourcecode.c.h; path = ASIDataCompressor.h; sourceTree = "<group>"; };
		665EEB7913AE4A38006490A3 /* ASIDataCompressor.m */ = {isa = PBXFileReference; fileEncoding = 4; lastKnownFileType = sourcecode.c.objc; path = ASIDataCompressor.m; sourceTree = "<group>"; };
		665EEB7A13AE4A38006490A3 /* ASIDataDecompressor.h */ = {isa = PBXFileReference; fileEncoding = 4; lastKnownFileType = sourcecode.c.h; path = ASIDataDecompressor.h; sourceTree = "<group>"; };
		665EEB7B13AE4A38006490A3 /* ASIDataDecompressor.m */ = {isa = PBXFileReference; fileEncoding = 4; lastKnownFileType = sourcecode.c.objc; path = ASIDataDecompressor.m; sourceTree = "<group>"; };
		665EEB7C13AE4A38006490A3 /* ASIDownloadCache.h */ = {isa = PBXFileReference; fileEncoding = 4; lastKnownFileType = sourcecode.c.h; path = ASIDownloadCache.h; sourceTree = "<group>"; };
		665EEB7D13AE4A38006490A3 /* ASIDownloadCache.m */ = {isa = PBXFileReference; fileEncoding = 4; lastKnownFileType = sourcecode.c.objc; path = ASIDownloadCache.m; sourceTree = "<group>"; };
		665EEB7E13AE4A38006490A3 /* ASIFormDataRequest.h */ = {isa = PBXFileReference; fileEncoding = 4; lastKnownFileType = sourcecode.c.h; path = ASIFormDataRequest.h; sourceTree = "<group>"; };
		665EEB7F13AE4A38006490A3 /* ASIFormDataRequest.m */ = {isa = PBXFileReference; fileEncoding = 4; lastKnownFileType = sourcecode.c.objc; path = ASIFormDataRequest.m; sourceTree = "<group>"; };
		665EEB8013AE4A38006490A3 /* ASIHTTPRequest.h */ = {isa = PBXFileReference; fileEncoding = 4; lastKnownFileType = sourcecode.c.h; path = ASIHTTPRequest.h; sourceTree = "<group>"; };
		665EEB8113AE4A38006490A3 /* ASIHTTPRequest.m */ = {isa = PBXFileReference; fileEncoding = 4; lastKnownFileType = sourcecode.c.objc; path = ASIHTTPRequest.m; sourceTree = "<group>"; };
		665EEB8213AE4A38006490A3 /* ASIHTTPRequestConfig.h */ = {isa = PBXFileReference; fileEncoding = 4; lastKnownFileType = sourcecode.c.h; path = ASIHTTPRequestConfig.h; sourceTree = "<group>"; };
		665EEB8313AE4A38006490A3 /* ASIHTTPRequestDelegate.h */ = {isa = PBXFileReference; fileEncoding = 4; lastKnownFileType = sourcecode.c.h; path = ASIHTTPRequestDelegate.h; sourceTree = "<group>"; };
		665EEB8413AE4A38006490A3 /* ASIInputStream.h */ = {isa = PBXFileReference; fileEncoding = 4; lastKnownFileType = sourcecode.c.h; path = ASIInputStream.h; sourceTree = "<group>"; };
		665EEB8513AE4A38006490A3 /* ASIInputStream.m */ = {isa = PBXFileReference; fileEncoding = 4; lastKnownFileType = sourcecode.c.objc; path = ASIInputStream.m; sourceTree = "<group>"; };
		665EEB8613AE4A38006490A3 /* ASINetworkQueue.h */ = {isa = PBXFileReference; fileEncoding = 4; lastKnownFileType = sourcecode.c.h; path = ASINetworkQueue.h; sourceTree = "<group>"; };
		665EEB8713AE4A38006490A3 /* ASINetworkQueue.m */ = {isa = PBXFileReference; fileEncoding = 4; lastKnownFileType = sourcecode.c.objc; path = ASINetworkQueue.m; sourceTree = "<group>"; };
		665EEB8813AE4A38006490A3 /* ASIProgressDelegate.h */ = {isa = PBXFileReference; fileEncoding = 4; lastKnownFileType = sourcecode.c.h; path = ASIProgressDelegate.h; sourceTree = "<group>"; };
		665EEB8913AE4A38006490A3 /* Reachability.h */ = {isa = PBXFileReference; fileEncoding = 4; lastKnownFileType = sourcecode.c.h; path = Reachability.h; sourceTree = "<group>"; };
		665EEB8A13AE4A38006490A3 /* Reachability.m */ = {isa = PBXFileReference; fileEncoding = 4; lastKnownFileType = sourcecode.c.objc; path = Reachability.m; sourceTree = "<group>"; };
		665EEBE313AE5E2F006490A3 /* NSString+HTML.h */ = {isa = PBXFileReference; fileEncoding = 4; lastKnownFileType = sourcecode.c.h; path = "NSString+HTML.h"; sourceTree = "<group>"; };
		665EEBE413AE5E2F006490A3 /* NSString+HTML.m */ = {isa = PBXFileReference; fileEncoding = 4; lastKnownFileType = sourcecode.c.objc; path = "NSString+HTML.m"; sourceTree = "<group>"; };
		665EEBEE13AE5E4F006490A3 /* GTMNSString+HTML.h */ = {isa = PBXFileReference; fileEncoding = 4; lastKnownFileType = sourcecode.c.h; path = "GTMNSString+HTML.h"; sourceTree = "<group>"; };
		665EEBEF13AE5E4F006490A3 /* GTMNSString+HTML.m */ = {isa = PBXFileReference; fileEncoding = 4; lastKnownFileType = sourcecode.c.objc; path = "GTMNSString+HTML.m"; sourceTree = "<group>"; };
		665EEBF013AE5E4F006490A3 /* GTMDefines.h */ = {isa = PBXFileReference; fileEncoding = 4; lastKnownFileType = sourcecode.c.h; path = GTMDefines.h; sourceTree = "<group>"; };
		6660A38713ACEC5E00C05640 /* MainWindow.xib */ = {isa = PBXFileReference; lastKnownFileType = file.xib; path = MainWindow.xib; sourceTree = "<group>"; };
		6660A3DF13ACF0EC00C05640 /* NSDataAdditions.h */ = {isa = PBXFileReference; fileEncoding = 4; lastKnownFileType = sourcecode.c.h; path = NSDataAdditions.h; sourceTree = "<group>"; };
		6660A3E013ACF0EC00C05640 /* NSDataAdditions.m */ = {isa = PBXFileReference; fileEncoding = 4; lastKnownFileType = sourcecode.c.objc; path = NSDataAdditions.m; sourceTree = "<group>"; };
		6660A3E113ACF0EC00C05640 /* TBXML.h */ = {isa = PBXFileReference; fileEncoding = 4; lastKnownFileType = sourcecode.c.h; path = TBXML.h; sourceTree = "<group>"; };
		6660A3E213ACF0EC00C05640 /* TBXML.m */ = {isa = PBXFileReference; fileEncoding = 4; lastKnownFileType = sourcecode.c.objc; path = TBXML.m; sourceTree = "<group>"; };
		6660A3E313ACF0EC00C05640 /* TBXMLEx.h */ = {isa = PBXFileReference; fileEncoding = 4; lastKnownFileType = sourcecode.c.h; path = TBXMLEx.h; sourceTree = "<group>"; };
		6660A3E413ACF0EC00C05640 /* TBXMLEx.m */ = {isa = PBXFileReference; fileEncoding = 4; lastKnownFileType = sourcecode.c.objc; path = TBXMLEx.m; sourceTree = "<group>"; };
		6660A42F13ACF1B800C05640 /* CFNetwork.framework */ = {isa = PBXFileReference; lastKnownFileType = wrapper.framework; name = CFNetwork.framework; path = System/Library/Frameworks/CFNetwork.framework; sourceTree = SDKROOT; };
		6660A43813ACF21F00C05640 /* libz.dylib */ = {isa = PBXFileReference; lastKnownFileType = "compiled.mach-o.dylib"; name = libz.dylib; path = usr/lib/libz.dylib; sourceTree = SDKROOT; };
		6660A43C13ACF24C00C05640 /* MobileCoreServices.framework */ = {isa = PBXFileReference; lastKnownFileType = wrapper.framework; name = MobileCoreServices.framework; path = System/Library/Frameworks/MobileCoreServices.framework; sourceTree = SDKROOT; };
		6660A43E13ACF24C00C05640 /* SystemConfiguration.framework */ = {isa = PBXFileReference; lastKnownFileType = wrapper.framework; name = SystemConfiguration.framework; path = System/Library/Frameworks/SystemConfiguration.framework; sourceTree = SDKROOT; };
		6660A44D13ACF78400C05640 /* GANTracker.h */ = {isa = PBXFileReference; fileEncoding = 4; lastKnownFileType = sourcecode.c.h; path = GANTracker.h; sourceTree = "<group>"; };
		6660A44E13ACF78400C05640 /* libGoogleAnalytics.a */ = {isa = PBXFileReference; lastKnownFileType = archive.ar; path = libGoogleAnalytics.a; sourceTree = "<group>"; };
		6660A45013ACF79500C05640 /* GATracker.h */ = {isa = PBXFileReference; fileEncoding = 4; lastKnownFileType = sourcecode.c.h; path = GATracker.h; sourceTree = "<group>"; };
		6660A45113ACF79500C05640 /* GATracker.m */ = {isa = PBXFileReference; fileEncoding = 4; lastKnownFileType = sourcecode.c.objc; path = GATracker.m; sourceTree = "<group>"; };
		6660A45713ACF79500C05640 /* VDMConstants.h */ = {isa = PBXFileReference; fileEncoding = 4; lastKnownFileType = sourcecode.c.h; path = VDMConstants.h; sourceTree = "<group>"; };
		6660A45813ACF79500C05640 /* XMLParser.h */ = {isa = PBXFileReference; fileEncoding = 4; lastKnownFileType = sourcecode.c.h; path = XMLParser.h; sourceTree = "<group>"; };
		6660A45C13ACF91200C05640 /* VDMUtils.h */ = {isa = PBXFileReference; fileEncoding = 4; lastKnownFileType = sourcecode.c.h; path = VDMUtils.h; sourceTree = "<group>"; };
		6660A45D13ACF91200C05640 /* VDMUtils.m */ = {isa = PBXFileReference; fileEncoding = 4; lastKnownFileType = sourcecode.c.objc; path = VDMUtils.m; sourceTree = "<group>"; };
		6660A47C13AD63EA00C05640 /* VDMController.h */ = {isa = PBXFileReference; fileEncoding = 4; lastKnownFileType = sourcecode.c.h; path = VDMController.h; sourceTree = "<group>"; };
		6660A47D13AD63EA00C05640 /* VDMController.m */ = {isa = PBXFileReference; fileEncoding = 4; lastKnownFileType = sourcecode.c.objc; path = VDMController.m; sourceTree = "<group>"; };
		6660A48113AD642B00C05640 /* VDMController.xib */ = {isa = PBXFileReference; lastKnownFileType = file.xib; path = VDMController.xib; sourceTree = "<group>"; };
		6660A4A613AD801900C05640 /* libsqlite3.dylib */ = {isa = PBXFileReference; lastKnownFileType = "compiled.mach-o.dylib"; name = libsqlite3.dylib; path = usr/lib/libsqlite3.dylib; sourceTree = SDKROOT; };
		66998E3D13D1FA7C00CC6A97 /* vdm_logo_small.png */ = {isa = PBXFileReference; lastKnownFileType = image.png; path = vdm_logo_small.png; sourceTree = "<group>"; };
		66998E6413D1FF1700CC6A97 /* VDMInfoView.h */ = {isa = PBXFileReference; fileEncoding = 4; lastKnownFileType = sourcecode.c.h; path = VDMInfoView.h; sourceTree = "<group>"; };
		66998E6513D1FF1700CC6A97 /* VDMInfoView.m */ = {isa = PBXFileReference; fileEncoding = 4; lastKnownFileType = sourcecode.c.objc; path = VDMInfoView.m; sourceTree = "<group>"; };
		66998E6713D1FF6500CC6A97 /* VDMInfoView.xib */ = {isa = PBXFileReference; lastKnownFileType = file.xib; path = VDMInfoView.xib; sourceTree = "<group>"; };
		66998F8513D26F0700CC6A97 /* VDMEntryCellBackground.h */ = {isa = PBXFileReference; fileEncoding = 4; lastKnownFileType = sourcecode.c.h; path = VDMEntryCellBackground.h; sourceTree = "<group>"; };
		66998F8613D26F0700CC6A97 /* VDMEntryCellBackground.m */ = {isa = PBXFileReference; fileEncoding = 4; lastKnownFileType = sourcecode.c.objc; path = VDMEntryCellBackground.m; sourceTree = "<group>"; };
		66A88CA213DE5BD3003C4C32 /* help_button_navbar.png */ = {isa = PBXFileReference; lastKnownFileType = image.png; path = help_button_navbar.png; sourceTree = "<group>"; };
		66AE281613DCDB440021C061 /* VDMReadEntryController.h */ = {isa = PBXFileReference; fileEncoding = 4; lastKnownFileType = sourcecode.c.h; path = VDMReadEntryController.h; sourceTree = "<group>"; };
		66AE281713DCDB440021C061 /* VDMReadEntryController.m */ = {isa = PBXFileReference; fileEncoding = 4; lastKnownFileType = sourcecode.c.objc; path = VDMReadEntryController.m; sourceTree = "<group>"; };
		66AE281B13DCDB5F0021C061 /* VDMReadEntryController.xib */ = {isa = PBXFileReference; lastKnownFileType = file.xib; path = VDMReadEntryController.xib; sourceTree = "<group>"; };
		66AE283113DCE44D0021C061 /* comments.html */ = {isa = PBXFileReference; fileEncoding = 4; lastKnownFileType = text.html; path = comments.html; sourceTree = "<group>"; };
		66DA5C4013E0DF0D00E017D3 /* add_keyboard_bar.png */ = {isa = PBXFileReference; lastKnownFileType = image.png; path = add_keyboard_bar.png; sourceTree = "<group>"; };
		66DA5CC113E1042100E017D3 /* VDMEntryTheme.h */ = {isa = PBXFileReference; fileEncoding = 4; lastKnownFileType = sourcecode.c.h; path = VDMEntryTheme.h; sourceTree = "<group>"; };
		66DA5CC213E1042100E017D3 /* VDMEntryTheme.m */ = {isa = PBXFileReference; fileEncoding = 4; lastKnownFileType = sourcecode.c.objc; path = VDMEntryTheme.m; sourceTree = "<group>"; };
		66DA5CC413E105FC00E017D3 /* VDMThemeChooserController.h */ = {isa = PBXFileReference; fileEncoding = 4; lastKnownFileType = sourcecode.c.h; path = VDMThemeChooserController.h; sourceTree = "<group>"; };
		66DA5CC513E105FC00E017D3 /* VDMThemeChooserController.m */ = {isa = PBXFileReference; fileEncoding = 4; lastKnownFileType = sourcecode.c.objc; path = VDMThemeChooserController.m; sourceTree = "<group>"; };
		66F48FBA13B3806F0044AEC8 /* VDMEntryXMLParser.h */ = {isa = PBXFileReference; fileEncoding = 4; lastKnownFileType = sourcecode.c.h; path = VDMEntryXMLParser.h; sourceTree = "<group>"; };
		66F48FBB13B3806F0044AEC8 /* VDMEntryXMLParser.m */ = {isa = PBXFileReference; fileEncoding = 4; lastKnownFileType = sourcecode.c.objc; path = VDMEntryXMLParser.m; sourceTree = "<group>"; };
		66FD046B13C7F4A400934DD0 /* VDMFetcher.h */ = {isa = PBXFileReference; fileEncoding = 4; lastKnownFileType = sourcecode.c.h; path = VDMFetcher.h; sourceTree = "<group>"; };
		66FD046C13C7F4A400934DD0 /* VDMFetcher.m */ = {isa = PBXFileReference; fileEncoding = 4; lastKnownFileType = sourcecode.c.objc; path = VDMFetcher.m; sourceTree = "<group>"; };
		66FD04B313C8044C00934DD0 /* RSTLTintedBarButtonItem.h */ = {isa = PBXFileReference; fileEncoding = 4; lastKnownFileType = sourcecode.c.h; path = RSTLTintedBarButtonItem.h; sourceTree = "<group>"; };
		66FD04B413C8044C00934DD0 /* RSTLTintedBarButtonItem.m */ = {isa = PBXFileReference; fileEncoding = 4; lastKnownFileType = sourcecode.c.objc; path = RSTLTintedBarButtonItem.m; sourceTree = "<group>"; };
		8D1107310486CEB800E47090 /* VDM_iPhone-Info.plist */ = {isa = PBXFileReference; fileEncoding = 4; lastKnownFileType = text.plist.xml; path = "VDM_iPhone-Info.plist"; plistStructureDefinitionIdentifier = "com.apple.xcode.plist.structure-definition.iphone.info-plist"; sourceTree = "<group>"; };
/* End PBXFileReference section */

/* Begin PBXFrameworksBuildPhase section */
		1D60588F0D05DD3D006BFB54 /* Frameworks */ = {
			isa = PBXFrameworksBuildPhase;
			buildActionMask = 2147483647;
			files = (
				1D60589F0D05DD5A006BFB54 /* Foundation.framework in Frameworks */,
				1DF5F4E00D08C38300B7A737 /* UIKit.framework in Frameworks */,
				288765080DF74369002DB57D /* CoreGraphics.framework in Frameworks */,
				6660A43013ACF1B800C05640 /* CFNetwork.framework in Frameworks */,
				6660A43913ACF21F00C05640 /* libz.dylib in Frameworks */,
				6660A43D13ACF24C00C05640 /* MobileCoreServices.framework in Frameworks */,
				6660A43F13ACF24C00C05640 /* SystemConfiguration.framework in Frameworks */,
				6660A44F13ACF78400C05640 /* libGoogleAnalytics.a in Frameworks */,
				6660A4A713AD801900C05640 /* libsqlite3.dylib in Frameworks */,
				661D9C7113C8DE57002ABD5E /* QuartzCore.framework in Frameworks */,
			);
			runOnlyForDeploymentPostprocessing = 0;
		};
/* End PBXFrameworksBuildPhase section */

/* Begin PBXGroup section */
		080E96DDFE201D6D7F000001 /* Classes */ = {
			isa = PBXGroup;
			children = (
				6660A3A213ACF0EC00C05640 /* Libraries */,
				6660A38C13ACEC6C00C05640 /* Controllers */,
				6660A38F13ACEC6C00C05640 /* Helpers */,
				6660A39013ACEC6C00C05640 /* Model */,
				6660A39113ACEC6C00C05640 /* Views */,
				1D3623240D0F684500981E51 /* VDM_iPhoneAppDelegate.h */,
				1D3623250D0F684500981E51 /* VDM_iPhoneAppDelegate.m */,
			);
			path = Classes;
			sourceTree = "<group>";
		};
		19C28FACFE9D520D11CA2CBB /* Products */ = {
			isa = PBXGroup;
			children = (
				1D6058910D05DD3D006BFB54 /* VDM-iPhone.app */,
			);
			name = Products;
			sourceTree = "<group>";
		};
		29B97314FDCFA39411CA2CEA /* VDM-iPhone */ = {
			isa = PBXGroup;
			children = (
				080E96DDFE201D6D7F000001 /* Classes */,
				29B97315FDCFA39411CA2CEA /* Other Sources */,
				29B97317FDCFA39411CA2CEA /* Resources */,
				29B97323FDCFA39411CA2CEA /* Frameworks */,
				19C28FACFE9D520D11CA2CBB /* Products */,
			);
			name = "VDM-iPhone";
			sourceTree = "<group>";
		};
		29B97315FDCFA39411CA2CEA /* Other Sources */ = {
			isa = PBXGroup;
			children = (
				28A0AB4B0D9B1048005BE974 /* VDM_iPhone_Prefix.pch */,
				29B97316FDCFA39411CA2CEA /* main.m */,
			);
			name = "Other Sources";
			sourceTree = "<group>";
		};
		29B97317FDCFA39411CA2CEA /* Resources */ = {
			isa = PBXGroup;
			children = (
				6660A38413ACEC5E00C05640 /* images */,
				6660A38513ACEC5E00C05640 /* xib */,
				8D1107310486CEB800E47090 /* VDM_iPhone-Info.plist */,
				661D9C5C13C8DB58002ABD5E /* VDMSettings.plist */,
				66AE283113DCE44D0021C061 /* comments.html */,
			);
			name = Resources;
			sourceTree = "<group>";
		};
		29B97323FDCFA39411CA2CEA /* Frameworks */ = {
			isa = PBXGroup;
			children = (
				1DF5F4DF0D08C38300B7A737 /* UIKit.framework */,
				1D30AB110D05D00D00671497 /* Foundation.framework */,
				288765070DF74369002DB57D /* CoreGraphics.framework */,
				6660A42F13ACF1B800C05640 /* CFNetwork.framework */,
				6660A43813ACF21F00C05640 /* libz.dylib */,
				6660A43C13ACF24C00C05640 /* MobileCoreServices.framework */,
				6660A43E13ACF24C00C05640 /* SystemConfiguration.framework */,
				6660A4A613AD801900C05640 /* libsqlite3.dylib */,
				661D9C7013C8DE57002ABD5E /* QuartzCore.framework */,
			);
			name = Frameworks;
			sourceTree = "<group>";
		};
		661D9D0F13CBF0F2002ABD5E /* WEPopover */ = {
			isa = PBXGroup;
			children = (
				661D9D1113CBF0F2002ABD5E /* Classes */,
				661D9D6A13CCF9A4002ABD5E /* popoverArrowDownSimple.png */,
				661D9D6B13CCF9A4002ABD5E /* popoverArrowLeftSimple.png */,
				661D9D6C13CCF9A4002ABD5E /* popoverArrowRightSimple.png */,
				661D9D6D13CCF9A4002ABD5E /* popoverArrowUpSimple.png */,
				661D9D6E13CCF9A4002ABD5E /* popoverBgSimple.png */,
				661D9D1813CBF0F2002ABD5E /* popoverArrowDown.png */,
				661D9D1913CBF0F2002ABD5E /* popoverArrowDown@2x.png */,
				661D9D1A13CBF0F2002ABD5E /* popoverArrowLeft.png */,
				661D9D1B13CBF0F2002ABD5E /* popoverArrowLeft@2x.png */,
				661D9D1C13CBF0F2002ABD5E /* popoverArrowRight.png */,
				661D9D1D13CBF0F2002ABD5E /* popoverArrowRight@2x.png */,
				661D9D1E13CBF0F2002ABD5E /* popoverArrowUp.png */,
				661D9D1F13CBF0F2002ABD5E /* popoverArrowUp@2x.png */,
				661D9D2013CBF0F2002ABD5E /* popoverBg.png */,
				661D9D2113CBF0F2002ABD5E /* popoverBg@2x.png */,
			);
			path = WEPopover;
			sourceTree = "<group>";
		};
		661D9D1113CBF0F2002ABD5E /* Classes */ = {
			isa = PBXGroup;
			children = (
				661D9D7513CCFAF6002ABD5E /* UIBarButtonItem+WEPopover.h */,
				661D9D7613CCFAF6002ABD5E /* UIBarButtonItem+WEPopover.m */,
				661D9D7713CCFAF6002ABD5E /* WETouchableView.h */,
				661D9D7813CCFAF6002ABD5E /* WETouchableView.m */,
				661D9D1213CBF0F2002ABD5E /* WEPopoverContainerView.h */,
				661D9D1313CBF0F2002ABD5E /* WEPopoverContainerView.m */,
				661D9D1413CBF0F2002ABD5E /* WEPopoverController.h */,
				661D9D1513CBF0F2002ABD5E /* WEPopoverController.m */,
				661D9D1613CBF0F2002ABD5E /* WEPopoverParentView.h */,
			);
			path = Classes;
			sourceTree = "<group>";
		};
		665EEB7413AE4A38006490A3 /* ASIHttpRequest */ = {
			isa = PBXGroup;
			children = (
				665EEB7513AE4A38006490A3 /* ASIAuthenticationDialog.h */,
				665EEB7613AE4A38006490A3 /* ASIAuthenticationDialog.m */,
				665EEB7713AE4A38006490A3 /* ASICacheDelegate.h */,
				665EEB7813AE4A38006490A3 /* ASIDataCompressor.h */,
				665EEB7913AE4A38006490A3 /* ASIDataCompressor.m */,
				665EEB7A13AE4A38006490A3 /* ASIDataDecompressor.h */,
				665EEB7B13AE4A38006490A3 /* ASIDataDecompressor.m */,
				665EEB7C13AE4A38006490A3 /* ASIDownloadCache.h */,
				665EEB7D13AE4A38006490A3 /* ASIDownloadCache.m */,
				665EEB7E13AE4A38006490A3 /* ASIFormDataRequest.h */,
				665EEB7F13AE4A38006490A3 /* ASIFormDataRequest.m */,
				665EEB8013AE4A38006490A3 /* ASIHTTPRequest.h */,
				665EEB8113AE4A38006490A3 /* ASIHTTPRequest.m */,
				665EEB8213AE4A38006490A3 /* ASIHTTPRequestConfig.h */,
				665EEB8313AE4A38006490A3 /* ASIHTTPRequestDelegate.h */,
				665EEB8413AE4A38006490A3 /* ASIInputStream.h */,
				665EEB8513AE4A38006490A3 /* ASIInputStream.m */,
				665EEB8613AE4A38006490A3 /* ASINetworkQueue.h */,
				665EEB8713AE4A38006490A3 /* ASINetworkQueue.m */,
				665EEB8813AE4A38006490A3 /* ASIProgressDelegate.h */,
				665EEB8913AE4A38006490A3 /* Reachability.h */,
				665EEB8A13AE4A38006490A3 /* Reachability.m */,
			);
			path = ASIHttpRequest;
			sourceTree = "<group>";
		};
		665EEBEC13AE5E4F006490A3 /* GTM */ = {
			isa = PBXGroup;
			children = (
				665EEBED13AE5E4F006490A3 /* Foundation */,
				665EEBF013AE5E4F006490A3 /* GTMDefines.h */,
			);
			path = GTM;
			sourceTree = "<group>";
		};
		665EEBED13AE5E4F006490A3 /* Foundation */ = {
			isa = PBXGroup;
			children = (
				665EEBEE13AE5E4F006490A3 /* GTMNSString+HTML.h */,
				665EEBEF13AE5E4F006490A3 /* GTMNSString+HTML.m */,
			);
			path = Foundation;
			sourceTree = "<group>";
		};
		6660A38413ACEC5E00C05640 /* images */ = {
			isa = PBXGroup;
			children = (
				66DA5C4013E0DF0D00E017D3 /* add_keyboard_bar.png */,
				66A88CA213DE5BD3003C4C32 /* help_button_navbar.png */,
				660B191613D29C5200EF2228 /* Icon.png */,
				66998E3D13D1FA7C00CC6A97 /* vdm_logo_small.png */,
				665EEAD313ADA3C1006490A3 /* Default.png */,
			);
			name = images;
			path = Resources/images;
			sourceTree = "<group>";
		};
		6660A38513ACEC5E00C05640 /* xib */ = {
			isa = PBXGroup;
			children = (
				66AE281B13DCDB5F0021C061 /* VDMReadEntryController.xib */,
				6634A39413DB09030065E4F3 /* VDMAddEntryController.xib */,
				661D9D3E13CBF193002ABD5E /* VDMCategoriesSelectorController.xib */,
				6660A48113AD642B00C05640 /* VDMController.xib */,
				6660A38713ACEC5E00C05640 /* MainWindow.xib */,
				665EEAE113AE3177006490A3 /* VDMEntryCell.xib */,
				66998E6713D1FF6500CC6A97 /* VDMInfoView.xib */,
			);
			name = xib;
			path = Resources/xib;
			sourceTree = "<group>";
		};
		6660A38C13ACEC6C00C05640 /* Controllers */ = {
			isa = PBXGroup;
			children = (
				6660A47C13AD63EA00C05640 /* VDMController.h */,
				6660A47D13AD63EA00C05640 /* VDMController.m */,
				661D9D3913CBF176002ABD5E /* VDMCategoriesSelectorController.h */,
				661D9D3A13CBF176002ABD5E /* VDMCategoriesSelectorController.m */,
				6634A38F13DB08DE0065E4F3 /* VDMAddEntryController.h */,
				6634A39013DB08DE0065E4F3 /* VDMAddEntryController.m */,
				66AE281613DCDB440021C061 /* VDMReadEntryController.h */,
				66AE281713DCDB440021C061 /* VDMReadEntryController.m */,
				66DA5CC413E105FC00E017D3 /* VDMThemeChooserController.h */,
				66DA5CC513E105FC00E017D3 /* VDMThemeChooserController.m */,
			);
			path = Controllers;
			sourceTree = "<group>";
		};
		6660A38F13ACEC6C00C05640 /* Helpers */ = {
			isa = PBXGroup;
			children = (
				665EEBE313AE5E2F006490A3 /* NSString+HTML.h */,
				665EEBE413AE5E2F006490A3 /* NSString+HTML.m */,
				6660A45013ACF79500C05640 /* GATracker.h */,
				6660A45113ACF79500C05640 /* GATracker.m */,
				6660A45713ACF79500C05640 /* VDMConstants.h */,
				6660A45813ACF79500C05640 /* XMLParser.h */,
				6660A45C13ACF91200C05640 /* VDMUtils.h */,
				6660A45D13ACF91200C05640 /* VDMUtils.m */,
				66F48FBA13B3806F0044AEC8 /* VDMEntryXMLParser.h */,
				66F48FBB13B3806F0044AEC8 /* VDMEntryXMLParser.m */,
				66FD046B13C7F4A400934DD0 /* VDMFetcher.h */,
				66FD046C13C7F4A400934DD0 /* VDMFetcher.m */,
				661D9C5913C8DAAA002ABD5E /* VDMSettings.h */,
				661D9C5A13C8DAAA002ABD5E /* VDMSettings.m */,
				6634A41713DB296D0065E4F3 /* VDMLoadingView.h */,
				6634A41813DB296D0065E4F3 /* VDMLoadingView.m */,
			);
			path = Helpers;
			sourceTree = "<group>";
		};
		6660A39013ACEC6C00C05640 /* Model */ = {
			isa = PBXGroup;
			children = (
				665EEB5913AE4537006490A3 /* VDMEntry.h */,
				665EEB5A13AE4537006490A3 /* VDMEntry.m */,
				66DA5CC113E1042100E017D3 /* VDMEntryTheme.h */,
				66DA5CC213E1042100E017D3 /* VDMEntryTheme.m */,
			);
			path = Model;
			sourceTree = "<group>";
		};
		6660A39113ACEC6C00C05640 /* Views */ = {
			isa = PBXGroup;
			children = (
				665EEAE313AE318A006490A3 /* VDMEntryCell.h */,
				665EEAE413AE318A006490A3 /* VDMEntryCell.m */,
				66FD04B313C8044C00934DD0 /* RSTLTintedBarButtonItem.h */,
				66FD04B413C8044C00934DD0 /* RSTLTintedBarButtonItem.m */,
				661D9C7413C8DEDD002ABD5E /* RSTLRoundedView.h */,
				661D9C7513C8DEDD002ABD5E /* RSTLRoundedView.m */,
				66998E6413D1FF1700CC6A97 /* VDMInfoView.h */,
				66998E6513D1FF1700CC6A97 /* VDMInfoView.m */,
				66998F8513D26F0700CC6A97 /* VDMEntryCellBackground.h */,
				66998F8613D26F0700CC6A97 /* VDMEntryCellBackground.m */,
			);
			path = Views;
			sourceTree = "<group>";
		};
		6660A3A213ACF0EC00C05640 /* Libraries */ = {
			isa = PBXGroup;
			children = (
				661D9D0F13CBF0F2002ABD5E /* WEPopover */,
				665EEBEC13AE5E4F006490A3 /* GTM */,
				665EEB7413AE4A38006490A3 /* ASIHttpRequest */,
				6660A44C13ACF78400C05640 /* GoogleAnalytics */,
				6660A3B613ACF0EC00C05640 /* tbxmlex */,
			);
			path = Libraries;
			sourceTree = "<group>";
		};
		6660A3B613ACF0EC00C05640 /* tbxmlex */ = {
			isa = PBXGroup;
			children = (
				6660A3DE13ACF0EC00C05640 /* Classes */,
			);
			path = tbxmlex;
			sourceTree = "<group>";
		};
		6660A3DE13ACF0EC00C05640 /* Classes */ = {
			isa = PBXGroup;
			children = (
				6660A3DF13ACF0EC00C05640 /* NSDataAdditions.h */,
				6660A3E013ACF0EC00C05640 /* NSDataAdditions.m */,
				6660A3E113ACF0EC00C05640 /* TBXML.h */,
				6660A3E213ACF0EC00C05640 /* TBXML.m */,
				6660A3E313ACF0EC00C05640 /* TBXMLEx.h */,
				6660A3E413ACF0EC00C05640 /* TBXMLEx.m */,
			);
			path = Classes;
			sourceTree = "<group>";
		};
		6660A44C13ACF78400C05640 /* GoogleAnalytics */ = {
			isa = PBXGroup;
			children = (
				6660A44D13ACF78400C05640 /* GANTracker.h */,
				6660A44E13ACF78400C05640 /* libGoogleAnalytics.a */,
			);
			path = GoogleAnalytics;
			sourceTree = "<group>";
		};
/* End PBXGroup section */

/* Begin PBXNativeTarget section */
		1D6058900D05DD3D006BFB54 /* VDM-iPhone */ = {
			isa = PBXNativeTarget;
			buildConfigurationList = 1D6058960D05DD3E006BFB54 /* Build configuration list for PBXNativeTarget "VDM-iPhone" */;
			buildPhases = (
				1D60588D0D05DD3D006BFB54 /* Resources */,
				1D60588E0D05DD3D006BFB54 /* Sources */,
				1D60588F0D05DD3D006BFB54 /* Frameworks */,
			);
			buildRules = (
			);
			dependencies = (
			);
			name = "VDM-iPhone";
			productName = "VDM-iPhone";
			productReference = 1D6058910D05DD3D006BFB54 /* VDM-iPhone.app */;
			productType = "com.apple.product-type.application";
		};
/* End PBXNativeTarget section */

/* Begin PBXProject section */
		29B97313FDCFA39411CA2CEA /* Project object */ = {
			isa = PBXProject;
			buildConfigurationList = C01FCF4E08A954540054247B /* Build configuration list for PBXProject "VDM-iPhone" */;
			compatibilityVersion = "Xcode 3.2";
			developmentRegion = English;
			hasScannedForEncodings = 1;
			knownRegions = (
				English,
				Japanese,
				French,
				German,
			);
			mainGroup = 29B97314FDCFA39411CA2CEA /* VDM-iPhone */;
			projectDirPath = "";
			projectRoot = "";
			targets = (
				1D6058900D05DD3D006BFB54 /* VDM-iPhone */,
			);
		};
/* End PBXProject section */

/* Begin PBXResourcesBuildPhase section */
		1D60588D0D05DD3D006BFB54 /* Resources */ = {
			isa = PBXResourcesBuildPhase;
			buildActionMask = 2147483647;
			files = (
				6660A38A13ACEC5E00C05640 /* MainWindow.xib in Resources */,
				6660A48213AD642B00C05640 /* VDMController.xib in Resources */,
				665EEAD413ADA3C1006490A3 /* Default.png in Resources */,
				665EEAE213AE3177006490A3 /* VDMEntryCell.xib in Resources */,
				661D9C5D13C8DB58002ABD5E /* VDMSettings.plist in Resources */,
				661D9D2613CBF0F2002ABD5E /* popoverArrowDown.png in Resources */,
				661D9D2713CBF0F2002ABD5E /* popoverArrowDown@2x.png in Resources */,
				661D9D2813CBF0F2002ABD5E /* popoverArrowLeft.png in Resources */,
				661D9D2913CBF0F2002ABD5E /* popoverArrowLeft@2x.png in Resources */,
				661D9D2A13CBF0F2002ABD5E /* popoverArrowRight.png in Resources */,
				661D9D2B13CBF0F2002ABD5E /* popoverArrowRight@2x.png in Resources */,
				661D9D2C13CBF0F2002ABD5E /* popoverArrowUp.png in Resources */,
				661D9D2D13CBF0F2002ABD5E /* popoverArrowUp@2x.png in Resources */,
				661D9D2E13CBF0F2002ABD5E /* popoverBg.png in Resources */,
				661D9D2F13CBF0F2002ABD5E /* popoverBg@2x.png in Resources */,
				661D9D3F13CBF193002ABD5E /* VDMCategoriesSelectorController.xib in Resources */,
				661D9D6F13CCF9A4002ABD5E /* popoverArrowDownSimple.png in Resources */,
				661D9D7013CCF9A4002ABD5E /* popoverArrowLeftSimple.png in Resources */,
				661D9D7113CCF9A4002ABD5E /* popoverArrowRightSimple.png in Resources */,
				661D9D7213CCF9A4002ABD5E /* popoverArrowUpSimple.png in Resources */,
				661D9D7313CCF9A4002ABD5E /* popoverBgSimple.png in Resources */,
				66998E3E13D1FA7C00CC6A97 /* vdm_logo_small.png in Resources */,
				66998E6813D1FF6500CC6A97 /* VDMInfoView.xib in Resources */,
				660B191713D29C5200EF2228 /* Icon.png in Resources */,
				6634A39513DB09030065E4F3 /* VDMAddEntryController.xib in Resources */,
				66AE281C13DCDB5F0021C061 /* VDMReadEntryController.xib in Resources */,
				66AE283213DCE44D0021C061 /* comments.html in Resources */,
				66A88CA313DE5BD3003C4C32 /* help_button_navbar.png in Resources */,
				66DA5C4113E0DF0D00E017D3 /* add_keyboard_bar.png in Resources */,
			);
			runOnlyForDeploymentPostprocessing = 0;
		};
/* End PBXResourcesBuildPhase section */

/* Begin PBXSourcesBuildPhase section */
		1D60588E0D05DD3D006BFB54 /* Sources */ = {
			isa = PBXSourcesBuildPhase;
			buildActionMask = 2147483647;
			files = (
				1D60589B0D05DD56006BFB54 /* main.m in Sources */,
				1D3623260D0F684500981E51 /* VDM_iPhoneAppDelegate.m in Sources */,
				6660A41113ACF0EC00C05640 /* NSDataAdditions.m in Sources */,
				6660A41213ACF0EC00C05640 /* TBXML.m in Sources */,
				6660A41313ACF0EC00C05640 /* TBXMLEx.m in Sources */,
				6660A45913ACF79500C05640 /* GATracker.m in Sources */,
				6660A45E13ACF91200C05640 /* VDMUtils.m in Sources */,
				6660A47F13AD63EA00C05640 /* VDMController.m in Sources */,
				665EEAE513AE318A006490A3 /* VDMEntryCell.m in Sources */,
				665EEB5B13AE4537006490A3 /* VDMEntry.m in Sources */,
				665EEB8B13AE4A38006490A3 /* ASIAuthenticationDialog.m in Sources */,
				665EEB8C13AE4A38006490A3 /* ASIDataCompressor.m in Sources */,
				665EEB8D13AE4A38006490A3 /* ASIDataDecompressor.m in Sources */,
				665EEB8E13AE4A38006490A3 /* ASIDownloadCache.m in Sources */,
				665EEB8F13AE4A38006490A3 /* ASIFormDataRequest.m in Sources */,
				665EEB9013AE4A38006490A3 /* ASIHTTPRequest.m in Sources */,
				665EEB9113AE4A38006490A3 /* ASIInputStream.m in Sources */,
				665EEB9213AE4A38006490A3 /* ASINetworkQueue.m in Sources */,
				665EEB9313AE4A38006490A3 /* Reachability.m in Sources */,
				665EEBE513AE5E2F006490A3 /* NSString+HTML.m in Sources */,
				665EEBF113AE5E4F006490A3 /* GTMNSString+HTML.m in Sources */,
				66F48FBC13B3806F0044AEC8 /* VDMEntryXMLParser.m in Sources */,
				66FD046D13C7F4A400934DD0 /* VDMFetcher.m in Sources */,
				66FD04B513C8044C00934DD0 /* RSTLTintedBarButtonItem.m in Sources */,
				661D9C5B13C8DAAA002ABD5E /* VDMSettings.m in Sources */,
				661D9C7613C8DEDD002ABD5E /* RSTLRoundedView.m in Sources */,
				661D9D2313CBF0F2002ABD5E /* WEPopoverContainerView.m in Sources */,
				661D9D2413CBF0F2002ABD5E /* WEPopoverController.m in Sources */,
				661D9D3C13CBF176002ABD5E /* VDMCategoriesSelectorController.m in Sources */,
				661D9D7913CCFAF6002ABD5E /* UIBarButtonItem+WEPopover.m in Sources */,
				661D9D7A13CCFAF6002ABD5E /* WETouchableView.m in Sources */,
				66998E6613D1FF1700CC6A97 /* VDMInfoView.m in Sources */,
				66998F8713D26F0700CC6A97 /* VDMEntryCellBackground.m in Sources */,
				6634A39213DB08DE0065E4F3 /* VDMAddEntryController.m in Sources */,
				6634A41913DB296D0065E4F3 /* VDMLoadingView.m in Sources */,
				66AE281913DCDB440021C061 /* VDMReadEntryController.m in Sources */,
				66DA5CC313E1042100E017D3 /* VDMEntryTheme.m in Sources */,
				66DA5CC613E105FC00E017D3 /* VDMThemeChooserController.m in Sources */,
			);
			runOnlyForDeploymentPostprocessing = 0;
		};
/* End PBXSourcesBuildPhase section */

/* Begin XCBuildConfiguration section */
		1D6058940D05DD3E006BFB54 /* Debug */ = {
			isa = XCBuildConfiguration;
			buildSettings = {
				ALWAYS_SEARCH_USER_PATHS = NO;
				COPY_PHASE_STRIP = NO;
				FRAMEWORK_SEARCH_PATHS = (
					"$(inherited)",
					"\"$(SRCROOT)/Classes/Libraries/tbxmlex/libs\"",
				);
				GCC_DYNAMIC_NO_PIC = NO;
				GCC_OPTIMIZATION_LEVEL = 0;
				GCC_PRECOMPILE_PREFIX_HEADER = YES;
				GCC_PREFIX_HEADER = VDM_iPhone_Prefix.pch;
				INFOPLIST_FILE = "VDM_iPhone-Info.plist";
				IPHONEOS_DEPLOYMENT_TARGET = 4.1;
				LIBRARY_SEARCH_PATHS = (
					"$(inherited)",
					"\"$(SRCROOT)/Classes/Libraries/GoogleAnalytics\"",
				);
				PRODUCT_NAME = "VDM-iPhone";
			};
			name = Debug;
		};
		1D6058950D05DD3E006BFB54 /* Release */ = {
			isa = XCBuildConfiguration;
			buildSettings = {
				ALWAYS_SEARCH_USER_PATHS = NO;
				COPY_PHASE_STRIP = YES;
				FRAMEWORK_SEARCH_PATHS = (
					"$(inherited)",
					"\"$(SRCROOT)/Classes/Libraries/tbxmlex/libs\"",
				);
				GCC_PRECOMPILE_PREFIX_HEADER = YES;
				GCC_PREFIX_HEADER = VDM_iPhone_Prefix.pch;
				INFOPLIST_FILE = "VDM_iPhone-Info.plist";
				IPHONEOS_DEPLOYMENT_TARGET = 4.1;
				LIBRARY_SEARCH_PATHS = (
					"$(inherited)",
					"\"$(SRCROOT)/Classes/Libraries/GoogleAnalytics\"",
				);
				PRODUCT_NAME = "VDM-iPhone";
				VALIDATE_PRODUCT = YES;
			};
			name = Release;
		};
		660B195513D2A5DA00EF2228 /* Distribution */ = {
			isa = XCBuildConfiguration;
			buildSettings = {
				ARCHS = "$(ARCHS_STANDARD_32_BIT)";
				"CODE_SIGN_IDENTITY[sdk=iphoneos*]" = "iPhone Developer";
				GCC_C_LANGUAGE_STANDARD = c99;
				GCC_WARN_ABOUT_RETURN_TYPE = YES;
				GCC_WARN_UNUSED_VARIABLE = YES;
				OTHER_CFLAGS = "-DNS_BLOCK_ASSERTIONS=1";
				PREBINDING = NO;
				SDKROOT = iphoneos;
			};
			name = Distribution;
		};
		660B195613D2A5DA00EF2228 /* Distribution */ = {
			isa = XCBuildConfiguration;
			buildSettings = {
				ALWAYS_SEARCH_USER_PATHS = NO;
				"CODE_SIGN_IDENTITY[sdk=iphoneos*]" = "iPhone Distribution: Rafael Steil";
				COPY_PHASE_STRIP = YES;
				FRAMEWORK_SEARCH_PATHS = (
					"$(inherited)",
					"\"$(SRCROOT)/Classes/Libraries/tbxmlex/libs\"",
				);
				GCC_PRECOMPILE_PREFIX_HEADER = YES;
				GCC_PREFIX_HEADER = VDM_iPhone_Prefix.pch;
				INFOPLIST_FILE = "VDM_iPhone-Info.plist";
				IPHONEOS_DEPLOYMENT_TARGET = 4.1;
				LIBRARY_SEARCH_PATHS = (
					"$(inherited)",
					"\"$(SRCROOT)/Classes/Libraries/GoogleAnalytics\"",
				);
				PRODUCT_NAME = "VDM-iPhone";
				"PROVISIONING_PROFILE[sdk=iphoneos*]" = "ECB16C81-6C39-4A6C-A846-B41CCE8B59B7";
				VALIDATE_PRODUCT = YES;
			};
			name = Distribution;
		};
		C01FCF4F08A954540054247B /* Debug */ = {
			isa = XCBuildConfiguration;
			buildSettings = {
				ARCHS = "$(ARCHS_STANDARD_32_BIT)";
				"CODE_SIGN_IDENTITY[sdk=iphoneos*]" = "iPhone Developer";
				GCC_C_LANGUAGE_STANDARD = c99;
				GCC_WARN_ABOUT_RETURN_TYPE = YES;
				GCC_WARN_UNUSED_VARIABLE = YES;
				PREBINDING = NO;
				SDKROOT = iphoneos;
			};
			name = Debug;
		};
		C01FCF5008A954540054247B /* Release */ = {
			isa = XCBuildConfiguration;
			buildSettings = {
				ARCHS = "$(ARCHS_STANDARD_32_BIT)";
				"CODE_SIGN_IDENTITY[sdk=iphoneos*]" = "iPhone Developer";
				GCC_C_LANGUAGE_STANDARD = c99;
				GCC_WARN_ABOUT_RETURN_TYPE = YES;
				GCC_WARN_UNUSED_VARIABLE = YES;
				OTHER_CFLAGS = "-DNS_BLOCK_ASSERTIONS=1";
				PREBINDING = NO;
				SDKROOT = iphoneos;
			};
			name = Release;
		};
/* End XCBuildConfiguration section */

/* Begin XCConfigurationList section */
		1D6058960D05DD3E006BFB54 /* Build configuration list for PBXNativeTarget "VDM-iPhone" */ = {
			isa = XCConfigurationList;
			buildConfigurations = (
				1D6058940D05DD3E006BFB54 /* Debug */,
				1D6058950D05DD3E006BFB54 /* Release */,
				660B195613D2A5DA00EF2228 /* Distribution */,
			);
			defaultConfigurationIsVisible = 0;
			defaultConfigurationName = Release;
		};
		C01FCF4E08A954540054247B /* Build configuration list for PBXProject "VDM-iPhone" */ = {
			isa = XCConfigurationList;
			buildConfigurations = (
				C01FCF4F08A954540054247B /* Debug */,
				C01FCF5008A954540054247B /* Release */,
				660B195513D2A5DA00EF2228 /* Distribution */,
			);
			defaultConfigurationIsVisible = 0;
			defaultConfigurationName = Release;
		};
/* End XCConfigurationList section */
	};
	rootObject = 29B97313FDCFA39411CA2CEA /* Project object */;
}
